// !$*UTF8*$!
{
	archiveVersion = 1;
	classes = {
	};
	objectVersion = 56;
	objects = {

/* Begin PBXBuildFile section */
		D91952862AFE858300FD246C /* SettingsView.swift in Sources */ = {isa = PBXBuildFile; fileRef = D91952852AFE858300FD246C /* SettingsView.swift */; };
		D91952882B002DFC00FD246C /* RenderView.swift in Sources */ = {isa = PBXBuildFile; fileRef = D91952872B002DFC00FD246C /* RenderView.swift */; };
		D91952A82B02C2DA00FD246C /* InternetImage.swift in Sources */ = {isa = PBXBuildFile; fileRef = D91952A72B02C2DA00FD246C /* InternetImage.swift */; };
		D92B6F0F2A9BBF9300A7CCBD /* TopsterApp.swift in Sources */ = {isa = PBXBuildFile; fileRef = D92B6F0E2A9BBF9300A7CCBD /* TopsterApp.swift */; };
		D92B6F112A9BBF9300A7CCBD /* ContentView.swift in Sources */ = {isa = PBXBuildFile; fileRef = D92B6F102A9BBF9300A7CCBD /* ContentView.swift */; };
		D92B6F132A9BBF9400A7CCBD /* Assets.xcassets in Resources */ = {isa = PBXBuildFile; fileRef = D92B6F122A9BBF9400A7CCBD /* Assets.xcassets */; };
		D92B6F162A9BBF9400A7CCBD /* Preview Assets.xcassets in Resources */ = {isa = PBXBuildFile; fileRef = D92B6F152A9BBF9400A7CCBD /* Preview Assets.xcassets */; };
		D92B6F432AA380F700A7CCBD /* FortyGridView.swift in Sources */ = {isa = PBXBuildFile; fileRef = D92B6F422AA380F600A7CCBD /* FortyGridView.swift */; };
		D9346C692ACB7AC200CA8F70 /* Album.swift in Sources */ = {isa = PBXBuildFile; fileRef = D9346C682ACB7AC200CA8F70 /* Album.swift */; };
		D93AD4BC2AC23449001D2BA3 /* AlbumSearchView.swift in Sources */ = {isa = PBXBuildFile; fileRef = D93AD4BB2AC23449001D2BA3 /* AlbumSearchView.swift */; };
		D93AD4BE2AC64226001D2BA3 /* FortyScrollGridViewModel.swift in Sources */ = {isa = PBXBuildFile; fileRef = D93AD4BD2AC64226001D2BA3 /* FortyScrollGridViewModel.swift */; };
		D93B71DC2C934C63002F816C /* GridLayoutSheet.swift in Sources */ = {isa = PBXBuildFile; fileRef = D93B71DB2C934C63002F816C /* GridLayoutSheet.swift */; };
		D93B71DE2C93959B002F816C /* GridLayoutSelectOption.swift in Sources */ = {isa = PBXBuildFile; fileRef = D93B71DD2C93959A002F816C /* GridLayoutSelectOption.swift */; };
		D99642542ABB50B6004CEA01 /* SearchResults.swift in Sources */ = {isa = PBXBuildFile; fileRef = D99642532ABB50B6004CEA01 /* SearchResults.swift */; };
		D9ADFFE52C98815A00CA2D0F /* fittingrows.swift in Sources */ = {isa = PBXBuildFile; fileRef = D9ADFFE42C98815A00CA2D0F /* fittingrows.swift */; };
		D9B519972BDD6CC800E703EF /* LoadingView.swift in Sources */ = {isa = PBXBuildFile; fileRef = D9B519962BDD6CC800E703EF /* LoadingView.swift */; };
		D9B8B4012AB3AE6600A4613A /* TopTracksNetwork.swift in Sources */ = {isa = PBXBuildFile; fileRef = D9B8B4002AB3AE6600A4613A /* TopTracksNetwork.swift */; };
		D9B8B4032AB3B41700A4613A /* TopArtistsNetwork.swift in Sources */ = {isa = PBXBuildFile; fileRef = D9B8B4022AB3B41700A4613A /* TopArtistsNetwork.swift */; };
		D9B8B4082AB4FB0800A4613A /* Artist.swift in Sources */ = {isa = PBXBuildFile; fileRef = D9B8B4072AB4FB0800A4613A /* Artist.swift */; };
		D9B8B40A2AB4FB2800A4613A /* Track.swift in Sources */ = {isa = PBXBuildFile; fileRef = D9B8B4092AB4FB2800A4613A /* Track.swift */; };
		D9B8B40C2AB4FCB800A4613A /* ArtistSearchView.swift in Sources */ = {isa = PBXBuildFile; fileRef = D9B8B40B2AB4FCB800A4613A /* ArtistSearchView.swift */; };
		D9B8B40E2AB8BED300A4613A /* Networker.swift in Sources */ = {isa = PBXBuildFile; fileRef = D9B8B40D2AB8BED300A4613A /* Networker.swift */; };
		D9C578742B0EAF2600B94E1F /* GridContent.swift in Sources */ = {isa = PBXBuildFile; fileRef = D9C578732B0EAF2600B94E1F /* GridContent.swift */; };
		D9C578762B14E7F900B94E1F /* ButtonStyles.swift in Sources */ = {isa = PBXBuildFile; fileRef = D9C578752B14E7F900B94E1F /* ButtonStyles.swift */; };
		D9C8CCC02AEDC54400FF0997 /* SavedGridCardView.swift in Sources */ = {isa = PBXBuildFile; fileRef = D9C8CCBF2AEDC54400FF0997 /* SavedGridCardView.swift */; };
		D9C8CCC22AF582E500FF0997 /* SavedGridsListView.swift in Sources */ = {isa = PBXBuildFile; fileRef = D9C8CCC12AF582E500FF0997 /* SavedGridsListView.swift */; };
/* End PBXBuildFile section */

/* Begin PBXFileReference section */
		D91952852AFE858300FD246C /* SettingsView.swift */ = {isa = PBXFileReference; lastKnownFileType = sourcecode.swift; path = SettingsView.swift; sourceTree = "<group>"; };
		D91952872B002DFC00FD246C /* RenderView.swift */ = {isa = PBXFileReference; lastKnownFileType = sourcecode.swift; path = RenderView.swift; sourceTree = "<group>"; };
		D91952A72B02C2DA00FD246C /* InternetImage.swift */ = {isa = PBXFileReference; lastKnownFileType = sourcecode.swift; path = InternetImage.swift; sourceTree = "<group>"; };
		D92B6F0B2A9BBF9300A7CCBD /* Topster.app */ = {isa = PBXFileReference; explicitFileType = wrapper.application; includeInIndex = 0; path = Topster.app; sourceTree = BUILT_PRODUCTS_DIR; };
		D92B6F0E2A9BBF9300A7CCBD /* TopsterApp.swift */ = {isa = PBXFileReference; lastKnownFileType = sourcecode.swift; path = TopsterApp.swift; sourceTree = "<group>"; };
		D92B6F102A9BBF9300A7CCBD /* ContentView.swift */ = {isa = PBXFileReference; lastKnownFileType = sourcecode.swift; path = ContentView.swift; sourceTree = "<group>"; };
		D92B6F122A9BBF9400A7CCBD /* Assets.xcassets */ = {isa = PBXFileReference; lastKnownFileType = folder.assetcatalog; path = Assets.xcassets; sourceTree = "<group>"; };
		D92B6F152A9BBF9400A7CCBD /* Preview Assets.xcassets */ = {isa = PBXFileReference; lastKnownFileType = folder.assetcatalog; path = "Preview Assets.xcassets"; sourceTree = "<group>"; };
		D92B6F422AA380F600A7CCBD /* FortyGridView.swift */ = {isa = PBXFileReference; lastKnownFileType = sourcecode.swift; path = FortyGridView.swift; sourceTree = "<group>"; };
		D9346C682ACB7AC200CA8F70 /* Album.swift */ = {isa = PBXFileReference; lastKnownFileType = sourcecode.swift; path = Album.swift; sourceTree = "<group>"; };
		D93AD4BB2AC23449001D2BA3 /* AlbumSearchView.swift */ = {isa = PBXFileReference; lastKnownFileType = sourcecode.swift; path = AlbumSearchView.swift; sourceTree = "<group>"; };
		D93AD4BD2AC64226001D2BA3 /* FortyScrollGridViewModel.swift */ = {isa = PBXFileReference; lastKnownFileType = sourcecode.swift; path = FortyScrollGridViewModel.swift; sourceTree = "<group>"; };
		D93B71DB2C934C63002F816C /* GridLayoutSheet.swift */ = {isa = PBXFileReference; lastKnownFileType = sourcecode.swift; path = GridLayoutSheet.swift; sourceTree = "<group>"; };
		D93B71DD2C93959A002F816C /* GridLayoutSelectOption.swift */ = {isa = PBXFileReference; lastKnownFileType = sourcecode.swift; path = GridLayoutSelectOption.swift; sourceTree = "<group>"; };
		D99642532ABB50B6004CEA01 /* SearchResults.swift */ = {isa = PBXFileReference; lastKnownFileType = sourcecode.swift; path = SearchResults.swift; sourceTree = "<group>"; };
		D9ADFFE42C98815A00CA2D0F /* fittingrows.swift */ = {isa = PBXFileReference; lastKnownFileType = sourcecode.swift; path = fittingrows.swift; sourceTree = "<group>"; };
		D9B519962BDD6CC800E703EF /* LoadingView.swift */ = {isa = PBXFileReference; lastKnownFileType = sourcecode.swift; path = LoadingView.swift; sourceTree = "<group>"; };
		D9B8B4002AB3AE6600A4613A /* TopTracksNetwork.swift */ = {isa = PBXFileReference; lastKnownFileType = sourcecode.swift; path = TopTracksNetwork.swift; sourceTree = "<group>"; };
		D9B8B4022AB3B41700A4613A /* TopArtistsNetwork.swift */ = {isa = PBXFileReference; lastKnownFileType = sourcecode.swift; path = TopArtistsNetwork.swift; sourceTree = "<group>"; };
		D9B8B4072AB4FB0800A4613A /* Artist.swift */ = {isa = PBXFileReference; lastKnownFileType = sourcecode.swift; path = Artist.swift; sourceTree = "<group>"; };
		D9B8B4092AB4FB2800A4613A /* Track.swift */ = {isa = PBXFileReference; lastKnownFileType = sourcecode.swift; path = Track.swift; sourceTree = "<group>"; };
		D9B8B40B2AB4FCB800A4613A /* ArtistSearchView.swift */ = {isa = PBXFileReference; lastKnownFileType = sourcecode.swift; path = ArtistSearchView.swift; sourceTree = "<group>"; };
		D9B8B40D2AB8BED300A4613A /* Networker.swift */ = {isa = PBXFileReference; lastKnownFileType = sourcecode.swift; path = Networker.swift; sourceTree = "<group>"; };
		D9C578722B0D66A500B94E1F /* Info.plist */ = {isa = PBXFileReference; lastKnownFileType = text.plist; path = Info.plist; sourceTree = "<group>"; };
		D9C578732B0EAF2600B94E1F /* GridContent.swift */ = {isa = PBXFileReference; lastKnownFileType = sourcecode.swift; path = GridContent.swift; sourceTree = "<group>"; };
		D9C578752B14E7F900B94E1F /* ButtonStyles.swift */ = {isa = PBXFileReference; lastKnownFileType = sourcecode.swift; path = ButtonStyles.swift; sourceTree = "<group>"; };
		D9C8CCBF2AEDC54400FF0997 /* SavedGridCardView.swift */ = {isa = PBXFileReference; lastKnownFileType = sourcecode.swift; path = SavedGridCardView.swift; sourceTree = "<group>"; };
		D9C8CCC12AF582E500FF0997 /* SavedGridsListView.swift */ = {isa = PBXFileReference; lastKnownFileType = sourcecode.swift; path = SavedGridsListView.swift; sourceTree = "<group>"; };
/* End PBXFileReference section */

/* Begin PBXFrameworksBuildPhase section */
		D92B6F082A9BBF9300A7CCBD /* Frameworks */ = {
			isa = PBXFrameworksBuildPhase;
			buildActionMask = 2147483647;
			files = (
			);
			runOnlyForDeploymentPostprocessing = 0;
		};
/* End PBXFrameworksBuildPhase section */

/* Begin PBXGroup section */
		D92B6F022A9BBF9300A7CCBD = {
			isa = PBXGroup;
			children = (
				D92B6F0D2A9BBF9300A7CCBD /* Topster */,
				D92B6F0C2A9BBF9300A7CCBD /* Products */,
			);
			sourceTree = "<group>";
		};
		D92B6F0C2A9BBF9300A7CCBD /* Products */ = {
			isa = PBXGroup;
			children = (
				D92B6F0B2A9BBF9300A7CCBD /* Topster.app */,
			);
			name = Products;
			sourceTree = "<group>";
		};
		D92B6F0D2A9BBF9300A7CCBD /* Topster */ = {
			isa = PBXGroup;
			children = (
				D91952A72B02C2DA00FD246C /* InternetImage.swift */,
				D9C578752B14E7F900B94E1F /* ButtonStyles.swift */,
				D9C578722B0D66A500B94E1F /* Info.plist */,
				D9B8B4062AB4FAFD00A4613A /* Models */,
				D92B6F0E2A9BBF9300A7CCBD /* TopsterApp.swift */,
				D92B6F102A9BBF9300A7CCBD /* ContentView.swift */,
				D93AD4BD2AC64226001D2BA3 /* FortyScrollGridViewModel.swift */,
				D96E3FCC2B1793C800A6D12B /* Views */,
				D9B8B40B2AB4FCB800A4613A /* ArtistSearchView.swift */,
				D93AD4BB2AC23449001D2BA3 /* AlbumSearchView.swift */,
				D9C8CCBF2AEDC54400FF0997 /* SavedGridCardView.swift */,
				D96E3FCB2B17937600A6D12B /* Data */,
				D92B6F122A9BBF9400A7CCBD /* Assets.xcassets */,
				D92B6F142A9BBF9400A7CCBD /* Preview Content */,
			);
			path = Topster;
			sourceTree = "<group>";
		};
		D92B6F142A9BBF9400A7CCBD /* Preview Content */ = {
			isa = PBXGroup;
			children = (
				D92B6F152A9BBF9400A7CCBD /* Preview Assets.xcassets */,
			);
			path = "Preview Content";
			sourceTree = "<group>";
		};
		D96E3FCB2B17937600A6D12B /* Data */ = {
			isa = PBXGroup;
			children = (
				D9B8B4002AB3AE6600A4613A /* TopTracksNetwork.swift */,
				D9B8B4022AB3B41700A4613A /* TopArtistsNetwork.swift */,
				D9B8B40D2AB8BED300A4613A /* Networker.swift */,
			);
			path = Data;
			sourceTree = "<group>";
		};
		D96E3FCC2B1793C800A6D12B /* Views */ = {
			isa = PBXGroup;
			children = (
				D96E3FCE2B17940D00A6D12B /* GridView */,
				D9C8CCC12AF582E500FF0997 /* SavedGridsListView.swift */,
				D91952852AFE858300FD246C /* SettingsView.swift */,
			);
			path = Views;
			sourceTree = "<group>";
		};
		D96E3FCE2B17940D00A6D12B /* GridView */ = {
			isa = PBXGroup;
			children = (
				D92B6F422AA380F600A7CCBD /* FortyGridView.swift */,
				D96E3FCF2B17941800A6D12B /* Subviews */,
			);
			path = GridView;
			sourceTree = "<group>";
		};
		D96E3FCF2B17941800A6D12B /* Subviews */ = {
			isa = PBXGroup;
			children = (
				D93B71DB2C934C63002F816C /* GridLayoutSheet.swift */,
				D93B71DD2C93959A002F816C /* GridLayoutSelectOption.swift */,
				D9B519962BDD6CC800E703EF /* LoadingView.swift */,
				D91952872B002DFC00FD246C /* RenderView.swift */,
				D9ADFFE42C98815A00CA2D0F /* fittingrows.swift */,
				D9C578732B0EAF2600B94E1F /* GridContent.swift */,
			);
			path = Subviews;
			sourceTree = "<group>";
		};
		D9B8B4062AB4FAFD00A4613A /* Models */ = {
			isa = PBXGroup;
			children = (
				D9B8B4072AB4FB0800A4613A /* Artist.swift */,
				D9B8B4092AB4FB2800A4613A /* Track.swift */,
				D9346C682ACB7AC200CA8F70 /* Album.swift */,
				D99642532ABB50B6004CEA01 /* SearchResults.swift */,
			);
			path = Models;
			sourceTree = "<group>";
		};
/* End PBXGroup section */

/* Begin PBXNativeTarget section */
		D92B6F0A2A9BBF9300A7CCBD /* Topster */ = {
			isa = PBXNativeTarget;
			buildConfigurationList = D92B6F192A9BBF9400A7CCBD /* Build configuration list for PBXNativeTarget "Topster" */;
			buildPhases = (
				D92B6F072A9BBF9300A7CCBD /* Sources */,
				D92B6F082A9BBF9300A7CCBD /* Frameworks */,
				D92B6F092A9BBF9300A7CCBD /* Resources */,
			);
			buildRules = (
			);
			dependencies = (
			);
			name = Topster;
			productName = Topster;
			productReference = D92B6F0B2A9BBF9300A7CCBD /* Topster.app */;
			productType = "com.apple.product-type.application";
		};
/* End PBXNativeTarget section */

/* Begin PBXProject section */
		D92B6F032A9BBF9300A7CCBD /* Project object */ = {
			isa = PBXProject;
			attributes = {
				BuildIndependentTargetsInParallel = 1;
				LastSwiftUpdateCheck = 1430;
				LastUpgradeCheck = 1540;
				TargetAttributes = {
					D92B6F0A2A9BBF9300A7CCBD = {
						CreatedOnToolsVersion = 14.3.1;
					};
				};
			};
			buildConfigurationList = D92B6F062A9BBF9300A7CCBD /* Build configuration list for PBXProject "Topster" */;
			compatibilityVersion = "Xcode 14.0";
			developmentRegion = en;
			hasScannedForEncodings = 0;
			knownRegions = (
				en,
				Base,
			);
			mainGroup = D92B6F022A9BBF9300A7CCBD;
			productRefGroup = D92B6F0C2A9BBF9300A7CCBD /* Products */;
			projectDirPath = "";
			projectRoot = "";
			targets = (
				D92B6F0A2A9BBF9300A7CCBD /* Topster */,
			);
		};
/* End PBXProject section */

/* Begin PBXResourcesBuildPhase section */
		D92B6F092A9BBF9300A7CCBD /* Resources */ = {
			isa = PBXResourcesBuildPhase;
			buildActionMask = 2147483647;
			files = (
				D92B6F162A9BBF9400A7CCBD /* Preview Assets.xcassets in Resources */,
				D92B6F132A9BBF9400A7CCBD /* Assets.xcassets in Resources */,
			);
			runOnlyForDeploymentPostprocessing = 0;
		};
/* End PBXResourcesBuildPhase section */

/* Begin PBXSourcesBuildPhase section */
		D92B6F072A9BBF9300A7CCBD /* Sources */ = {
			isa = PBXSourcesBuildPhase;
			buildActionMask = 2147483647;
			files = (
				D91952862AFE858300FD246C /* SettingsView.swift in Sources */,
				D93AD4BC2AC23449001D2BA3 /* AlbumSearchView.swift in Sources */,
				D92B6F112A9BBF9300A7CCBD /* ContentView.swift in Sources */,
				D93B71DC2C934C63002F816C /* GridLayoutSheet.swift in Sources */,
				D9B8B40E2AB8BED300A4613A /* Networker.swift in Sources */,
				D9C8CCC02AEDC54400FF0997 /* SavedGridCardView.swift in Sources */,
				D9B519972BDD6CC800E703EF /* LoadingView.swift in Sources */,
				D9C578742B0EAF2600B94E1F /* GridContent.swift in Sources */,
				D9B8B40A2AB4FB2800A4613A /* Track.swift in Sources */,
				D9B8B4032AB3B41700A4613A /* TopArtistsNetwork.swift in Sources */,
				D9C578762B14E7F900B94E1F /* ButtonStyles.swift in Sources */,
				D91952A82B02C2DA00FD246C /* InternetImage.swift in Sources */,
				D99642542ABB50B6004CEA01 /* SearchResults.swift in Sources */,
				D9346C692ACB7AC200CA8F70 /* Album.swift in Sources */,
				D9B8B4082AB4FB0800A4613A /* Artist.swift in Sources */,
				D9C8CCC22AF582E500FF0997 /* SavedGridsListView.swift in Sources */,
				D92B6F0F2A9BBF9300A7CCBD /* TopsterApp.swift in Sources */,
				D9B8B4012AB3AE6600A4613A /* TopTracksNetwork.swift in Sources */,
				D9ADFFE52C98815A00CA2D0F /* fittingrows.swift in Sources */,
				D9B8B40C2AB4FCB800A4613A /* ArtistSearchView.swift in Sources */,
				D93B71DE2C93959B002F816C /* GridLayoutSelectOption.swift in Sources */,
				D92B6F432AA380F700A7CCBD /* FortyGridView.swift in Sources */,
				D91952882B002DFC00FD246C /* RenderView.swift in Sources */,
				D93AD4BE2AC64226001D2BA3 /* FortyScrollGridViewModel.swift in Sources */,
			);
			runOnlyForDeploymentPostprocessing = 0;
		};
/* End PBXSourcesBuildPhase section */

/* Begin XCBuildConfiguration section */
		D92B6F172A9BBF9400A7CCBD /* Debug */ = {
			isa = XCBuildConfiguration;
			buildSettings = {
				ALWAYS_SEARCH_USER_PATHS = NO;
				CLANG_ANALYZER_NONNULL = YES;
				CLANG_ANALYZER_NUMBER_OBJECT_CONVERSION = YES_AGGRESSIVE;
				CLANG_CXX_LANGUAGE_STANDARD = "gnu++20";
				CLANG_ENABLE_MODULES = YES;
				CLANG_ENABLE_OBJC_ARC = YES;
				CLANG_ENABLE_OBJC_WEAK = YES;
				CLANG_WARN_BLOCK_CAPTURE_AUTORELEASING = YES;
				CLANG_WARN_BOOL_CONVERSION = YES;
				CLANG_WARN_COMMA = YES;
				CLANG_WARN_CONSTANT_CONVERSION = YES;
				CLANG_WARN_DEPRECATED_OBJC_IMPLEMENTATIONS = YES;
				CLANG_WARN_DIRECT_OBJC_ISA_USAGE = YES_ERROR;
				CLANG_WARN_DOCUMENTATION_COMMENTS = YES;
				CLANG_WARN_EMPTY_BODY = YES;
				CLANG_WARN_ENUM_CONVERSION = YES;
				CLANG_WARN_INFINITE_RECURSION = YES;
				CLANG_WARN_INT_CONVERSION = YES;
				CLANG_WARN_NON_LITERAL_NULL_CONVERSION = YES;
				CLANG_WARN_OBJC_IMPLICIT_RETAIN_SELF = YES;
				CLANG_WARN_OBJC_LITERAL_CONVERSION = YES;
				CLANG_WARN_OBJC_ROOT_CLASS = YES_ERROR;
				CLANG_WARN_QUOTED_INCLUDE_IN_FRAMEWORK_HEADER = YES;
				CLANG_WARN_RANGE_LOOP_ANALYSIS = YES;
				CLANG_WARN_STRICT_PROTOTYPES = YES;
				CLANG_WARN_SUSPICIOUS_MOVE = YES;
				CLANG_WARN_UNGUARDED_AVAILABILITY = YES_AGGRESSIVE;
				CLANG_WARN_UNREACHABLE_CODE = YES;
				CLANG_WARN__DUPLICATE_METHOD_MATCH = YES;
				COPY_PHASE_STRIP = NO;
				DEBUG_INFORMATION_FORMAT = dwarf;
				ENABLE_STRICT_OBJC_MSGSEND = YES;
				ENABLE_TESTABILITY = YES;
				ENABLE_USER_SCRIPT_SANDBOXING = YES;
				GCC_C_LANGUAGE_STANDARD = gnu11;
				GCC_DYNAMIC_NO_PIC = NO;
				GCC_NO_COMMON_BLOCKS = YES;
				GCC_OPTIMIZATION_LEVEL = 0;
				GCC_PREPROCESSOR_DEFINITIONS = (
					"DEBUG=1",
					"$(inherited)",
				);
				GCC_WARN_64_TO_32_BIT_CONVERSION = YES;
				GCC_WARN_ABOUT_RETURN_TYPE = YES_ERROR;
				GCC_WARN_UNDECLARED_SELECTOR = YES;
				GCC_WARN_UNINITIALIZED_AUTOS = YES_AGGRESSIVE;
				GCC_WARN_UNUSED_FUNCTION = YES;
				GCC_WARN_UNUSED_VARIABLE = YES;
				IPHONEOS_DEPLOYMENT_TARGET = 16.4;
				MTL_ENABLE_DEBUG_INFO = INCLUDE_SOURCE;
				MTL_FAST_MATH = YES;
				ONLY_ACTIVE_ARCH = YES;
				SDKROOT = iphoneos;
				SWIFT_ACTIVE_COMPILATION_CONDITIONS = DEBUG;
				SWIFT_OPTIMIZATION_LEVEL = "-Onone";
			};
			name = Debug;
		};
		D92B6F182A9BBF9400A7CCBD /* Release */ = {
			isa = XCBuildConfiguration;
			buildSettings = {
				ALWAYS_SEARCH_USER_PATHS = NO;
				CLANG_ANALYZER_NONNULL = YES;
				CLANG_ANALYZER_NUMBER_OBJECT_CONVERSION = YES_AGGRESSIVE;
				CLANG_CXX_LANGUAGE_STANDARD = "gnu++20";
				CLANG_ENABLE_MODULES = YES;
				CLANG_ENABLE_OBJC_ARC = YES;
				CLANG_ENABLE_OBJC_WEAK = YES;
				CLANG_WARN_BLOCK_CAPTURE_AUTORELEASING = YES;
				CLANG_WARN_BOOL_CONVERSION = YES;
				CLANG_WARN_COMMA = YES;
				CLANG_WARN_CONSTANT_CONVERSION = YES;
				CLANG_WARN_DEPRECATED_OBJC_IMPLEMENTATIONS = YES;
				CLANG_WARN_DIRECT_OBJC_ISA_USAGE = YES_ERROR;
				CLANG_WARN_DOCUMENTATION_COMMENTS = YES;
				CLANG_WARN_EMPTY_BODY = YES;
				CLANG_WARN_ENUM_CONVERSION = YES;
				CLANG_WARN_INFINITE_RECURSION = YES;
				CLANG_WARN_INT_CONVERSION = YES;
				CLANG_WARN_NON_LITERAL_NULL_CONVERSION = YES;
				CLANG_WARN_OBJC_IMPLICIT_RETAIN_SELF = YES;
				CLANG_WARN_OBJC_LITERAL_CONVERSION = YES;
				CLANG_WARN_OBJC_ROOT_CLASS = YES_ERROR;
				CLANG_WARN_QUOTED_INCLUDE_IN_FRAMEWORK_HEADER = YES;
				CLANG_WARN_RANGE_LOOP_ANALYSIS = YES;
				CLANG_WARN_STRICT_PROTOTYPES = YES;
				CLANG_WARN_SUSPICIOUS_MOVE = YES;
				CLANG_WARN_UNGUARDED_AVAILABILITY = YES_AGGRESSIVE;
				CLANG_WARN_UNREACHABLE_CODE = YES;
				CLANG_WARN__DUPLICATE_METHOD_MATCH = YES;
				COPY_PHASE_STRIP = NO;
				DEBUG_INFORMATION_FORMAT = "dwarf-with-dsym";
				ENABLE_NS_ASSERTIONS = NO;
				ENABLE_STRICT_OBJC_MSGSEND = YES;
				ENABLE_USER_SCRIPT_SANDBOXING = YES;
				GCC_C_LANGUAGE_STANDARD = gnu11;
				GCC_NO_COMMON_BLOCKS = YES;
				GCC_WARN_64_TO_32_BIT_CONVERSION = YES;
				GCC_WARN_ABOUT_RETURN_TYPE = YES_ERROR;
				GCC_WARN_UNDECLARED_SELECTOR = YES;
				GCC_WARN_UNINITIALIZED_AUTOS = YES_AGGRESSIVE;
				GCC_WARN_UNUSED_FUNCTION = YES;
				GCC_WARN_UNUSED_VARIABLE = YES;
				IPHONEOS_DEPLOYMENT_TARGET = 16.4;
				MTL_ENABLE_DEBUG_INFO = NO;
				MTL_FAST_MATH = YES;
				SDKROOT = iphoneos;
				SWIFT_COMPILATION_MODE = wholemodule;
				SWIFT_OPTIMIZATION_LEVEL = "-O";
				VALIDATE_PRODUCT = YES;
			};
			name = Release;
		};
		D92B6F1A2A9BBF9400A7CCBD /* Debug */ = {
			isa = XCBuildConfiguration;
			buildSettings = {
				ASSETCATALOG_COMPILER_APPICON_NAME = AppIcon;
				ASSETCATALOG_COMPILER_GLOBAL_ACCENT_COLOR_NAME = AccentColor;
				CODE_SIGN_STYLE = Automatic;
				CURRENT_PROJECT_VERSION = 1;
				DEVELOPMENT_ASSET_PATHS = "\"Topster/Preview Content\"";
				DEVELOPMENT_TEAM = PDF936JKA3;
				ENABLE_PREVIEWS = YES;
				GENERATE_INFOPLIST_FILE = YES;
				INFOPLIST_FILE = Topster/Info.plist;
				INFOPLIST_KEY_NSPhotoLibraryAddUsageDescription = "";
				INFOPLIST_KEY_UIApplicationSceneManifest_Generation = YES;
				INFOPLIST_KEY_UIApplicationSupportsIndirectInputEvents = YES;
				INFOPLIST_KEY_UILaunchScreen_Generation = YES;
				INFOPLIST_KEY_UISupportedInterfaceOrientations = UIInterfaceOrientationPortrait;
				IPHONEOS_DEPLOYMENT_TARGET = 17.4;
				LD_RUNPATH_SEARCH_PATHS = (
					"$(inherited)",
					"@executable_path/Frameworks",
				);
				MARKETING_VERSION = 1.3.2;
				PRODUCT_BUNDLE_IDENTIFIER = com.austinlavalley.Topster;
				PRODUCT_NAME = "$(TARGET_NAME)";
				SUPPORTED_PLATFORMS = "iphoneos iphonesimulator";
				SUPPORTS_MACCATALYST = NO;
				SUPPORTS_MAC_DESIGNED_FOR_IPHONE_IPAD = NO;
				SWIFT_EMIT_LOC_STRINGS = YES;
				SWIFT_VERSION = 5.0;
				TARGETED_DEVICE_FAMILY = 1;
			};
			name = Debug;
		};
		D92B6F1B2A9BBF9400A7CCBD /* Release */ = {
			isa = XCBuildConfiguration;
			buildSettings = {
				ASSETCATALOG_COMPILER_APPICON_NAME = AppIcon;
				ASSETCATALOG_COMPILER_GLOBAL_ACCENT_COLOR_NAME = AccentColor;
				CODE_SIGN_STYLE = Automatic;
				CURRENT_PROJECT_VERSION = 1;
				DEVELOPMENT_ASSET_PATHS = "\"Topster/Preview Content\"";
				DEVELOPMENT_TEAM = PDF936JKA3;
				ENABLE_PREVIEWS = YES;
				GENERATE_INFOPLIST_FILE = YES;
				INFOPLIST_FILE = Topster/Info.plist;
				INFOPLIST_KEY_NSPhotoLibraryAddUsageDescription = "";
				INFOPLIST_KEY_UIApplicationSceneManifest_Generation = YES;
				INFOPLIST_KEY_UIApplicationSupportsIndirectInputEvents = YES;
				INFOPLIST_KEY_UILaunchScreen_Generation = YES;
				INFOPLIST_KEY_UISupportedInterfaceOrientations = UIInterfaceOrientationPortrait;
				IPHONEOS_DEPLOYMENT_TARGET = 17.4;
				LD_RUNPATH_SEARCH_PATHS = (
					"$(inherited)",
					"@executable_path/Frameworks",
				);
				MARKETING_VERSION = 1.3.2;
				PRODUCT_BUNDLE_IDENTIFIER = com.austinlavalley.Topster;
				PRODUCT_NAME = "$(TARGET_NAME)";
				SUPPORTED_PLATFORMS = "iphoneos iphonesimulator";
				SUPPORTS_MACCATALYST = NO;
				SUPPORTS_MAC_DESIGNED_FOR_IPHONE_IPAD = NO;
				SWIFT_EMIT_LOC_STRINGS = YES;
				SWIFT_VERSION = 5.0;
				TARGETED_DEVICE_FAMILY = 1;
			};
			name = Release;
		};
/* End XCBuildConfiguration section */

/* Begin XCConfigurationList section */
		D92B6F062A9BBF9300A7CCBD /* Build configuration list for PBXProject "Topster" */ = {
			isa = XCConfigurationList;
			buildConfigurations = (
				D92B6F172A9BBF9400A7CCBD /* Debug */,
				D92B6F182A9BBF9400A7CCBD /* Release */,
			);
			defaultConfigurationIsVisible = 0;
			defaultConfigurationName = Release;
		};
		D92B6F192A9BBF9400A7CCBD /* Build configuration list for PBXNativeTarget "Topster" */ = {
			isa = XCConfigurationList;
			buildConfigurations = (
				D92B6F1A2A9BBF9400A7CCBD /* Debug */,
				D92B6F1B2A9BBF9400A7CCBD /* Release */,
			);
			defaultConfigurationIsVisible = 0;
			defaultConfigurationName = Release;
		};
/* End XCConfigurationList section */
	};
	rootObject = D92B6F032A9BBF9300A7CCBD /* Project object */;
}
