// !$*UTF8*$!
{
	archiveVersion = 1;
	classes = {
	};
	objectVersion = 56;
	objects = {

/* Begin PBXBuildFile section */
		D92B6F0F2A9BBF9300A7CCBD /* TopsterApp.swift in Sources */ = {isa = PBXBuildFile; fileRef = D92B6F0E2A9BBF9300A7CCBD /* TopsterApp.swift */; };
		D92B6F112A9BBF9300A7CCBD /* ContentView.swift in Sources */ = {isa = PBXBuildFile; fileRef = D92B6F102A9BBF9300A7CCBD /* ContentView.swift */; };
		D92B6F132A9BBF9400A7CCBD /* Assets.xcassets in Resources */ = {isa = PBXBuildFile; fileRef = D92B6F122A9BBF9400A7CCBD /* Assets.xcassets */; };
		D92B6F162A9BBF9400A7CCBD /* Preview Assets.xcassets in Resources */ = {isa = PBXBuildFile; fileRef = D92B6F152A9BBF9400A7CCBD /* Preview Assets.xcassets */; };
		D92B6F1D2A9BBFA300A7CCBD /* FortyTwoGridView.swift in Sources */ = {isa = PBXBuildFile; fileRef = D92B6F1C2A9BBFA300A7CCBD /* FortyTwoGridView.swift */; };
		D92B6F1F2A9E9A5200A7CCBD /* FortyGridView.swift in Sources */ = {isa = PBXBuildFile; fileRef = D92B6F1E2A9E9A5200A7CCBD /* FortyGridView.swift */; };
		D92B6F212A9E9BF700A7CCBD /* CollageView.swift in Sources */ = {isa = PBXBuildFile; fileRef = D92B6F202A9E9BF600A7CCBD /* CollageView.swift */; };
		D92B6F432AA380F700A7CCBD /* FortyScrollGridView.swift in Sources */ = {isa = PBXBuildFile; fileRef = D92B6F422AA380F600A7CCBD /* FortyScrollGridView.swift */; };
		D9B8B4012AB3AE6600A4613A /* TopTracksNetwork.swift in Sources */ = {isa = PBXBuildFile; fileRef = D9B8B4002AB3AE6600A4613A /* TopTracksNetwork.swift */; };
		D9B8B4032AB3B41700A4613A /* TopArtistsNetwork.swift in Sources */ = {isa = PBXBuildFile; fileRef = D9B8B4022AB3B41700A4613A /* TopArtistsNetwork.swift */; };
		D9B8B4082AB4FB0800A4613A /* Artist.swift in Sources */ = {isa = PBXBuildFile; fileRef = D9B8B4072AB4FB0800A4613A /* Artist.swift */; };
		D9B8B40A2AB4FB2800A4613A /* Track.swift in Sources */ = {isa = PBXBuildFile; fileRef = D9B8B4092AB4FB2800A4613A /* Track.swift */; };
		D9B8B40C2AB4FCB800A4613A /* ArtistSearchView.swift in Sources */ = {isa = PBXBuildFile; fileRef = D9B8B40B2AB4FCB800A4613A /* ArtistSearchView.swift */; };
/* End PBXBuildFile section */

/* Begin PBXFileReference section */
		D92B6F0B2A9BBF9300A7CCBD /* Topster.app */ = {isa = PBXFileReference; explicitFileType = wrapper.application; includeInIndex = 0; path = Topster.app; sourceTree = BUILT_PRODUCTS_DIR; };
		D92B6F0E2A9BBF9300A7CCBD /* TopsterApp.swift */ = {isa = PBXFileReference; lastKnownFileType = sourcecode.swift; path = TopsterApp.swift; sourceTree = "<group>"; };
		D92B6F102A9BBF9300A7CCBD /* ContentView.swift */ = {isa = PBXFileReference; lastKnownFileType = sourcecode.swift; path = ContentView.swift; sourceTree = "<group>"; };
		D92B6F122A9BBF9400A7CCBD /* Assets.xcassets */ = {isa = PBXFileReference; lastKnownFileType = folder.assetcatalog; path = Assets.xcassets; sourceTree = "<group>"; };
		D92B6F152A9BBF9400A7CCBD /* Preview Assets.xcassets */ = {isa = PBXFileReference; lastKnownFileType = folder.assetcatalog; path = "Preview Assets.xcassets"; sourceTree = "<group>"; };
		D92B6F1C2A9BBFA300A7CCBD /* FortyTwoGridView.swift */ = {isa = PBXFileReference; lastKnownFileType = sourcecode.swift; path = FortyTwoGridView.swift; sourceTree = "<group>"; };
		D92B6F1E2A9E9A5200A7CCBD /* FortyGridView.swift */ = {isa = PBXFileReference; lastKnownFileType = sourcecode.swift; path = FortyGridView.swift; sourceTree = "<group>"; };
		D92B6F202A9E9BF600A7CCBD /* CollageView.swift */ = {isa = PBXFileReference; lastKnownFileType = sourcecode.swift; path = CollageView.swift; sourceTree = "<group>"; };
		D92B6F422AA380F600A7CCBD /* FortyScrollGridView.swift */ = {isa = PBXFileReference; lastKnownFileType = sourcecode.swift; path = FortyScrollGridView.swift; sourceTree = "<group>"; };
		D9B8B4002AB3AE6600A4613A /* TopTracksNetwork.swift */ = {isa = PBXFileReference; lastKnownFileType = sourcecode.swift; path = TopTracksNetwork.swift; sourceTree = "<group>"; };
		D9B8B4022AB3B41700A4613A /* TopArtistsNetwork.swift */ = {isa = PBXFileReference; lastKnownFileType = sourcecode.swift; path = TopArtistsNetwork.swift; sourceTree = "<group>"; };
		D9B8B4072AB4FB0800A4613A /* Artist.swift */ = {isa = PBXFileReference; lastKnownFileType = sourcecode.swift; path = Artist.swift; sourceTree = "<group>"; };
		D9B8B4092AB4FB2800A4613A /* Track.swift */ = {isa = PBXFileReference; lastKnownFileType = sourcecode.swift; path = Track.swift; sourceTree = "<group>"; };
		D9B8B40B2AB4FCB800A4613A /* ArtistSearchView.swift */ = {isa = PBXFileReference; lastKnownFileType = sourcecode.swift; path = ArtistSearchView.swift; sourceTree = "<group>"; };
/* End PBXFileReference section */

/* Begin PBXFrameworksBuildPhase section */
		D92B6F082A9BBF9300A7CCBD /* Frameworks */ = {
			isa = PBXFrameworksBuildPhase;
			buildActionMask = 2147483647;
			files = (
			);
			runOnlyForDeploymentPostprocessing = 0;
		};
/* End PBXFrameworksBuildPhase section */

/* Begin PBXGroup section */
		D92B6F022A9BBF9300A7CCBD = {
			isa = PBXGroup;
			children = (
				D92B6F0D2A9BBF9300A7CCBD /* Topster */,
				D92B6F0C2A9BBF9300A7CCBD /* Products */,
			);
			sourceTree = "<group>";
		};
		D92B6F0C2A9BBF9300A7CCBD /* Products */ = {
			isa = PBXGroup;
			children = (
				D92B6F0B2A9BBF9300A7CCBD /* Topster.app */,
			);
			name = Products;
			sourceTree = "<group>";
		};
		D92B6F0D2A9BBF9300A7CCBD /* Topster */ = {
			isa = PBXGroup;
			children = (
				D9B8B4062AB4FAFD00A4613A /* Models */,
				D92B6F0E2A9BBF9300A7CCBD /* TopsterApp.swift */,
				D92B6F102A9BBF9300A7CCBD /* ContentView.swift */,
				D92B6F1C2A9BBFA300A7CCBD /* FortyTwoGridView.swift */,
				D92B6F1E2A9E9A5200A7CCBD /* FortyGridView.swift */,
				D92B6F202A9E9BF600A7CCBD /* CollageView.swift */,
				D92B6F422AA380F600A7CCBD /* FortyScrollGridView.swift */,
				D9B8B4002AB3AE6600A4613A /* TopTracksNetwork.swift */,
				D9B8B4022AB3B41700A4613A /* TopArtistsNetwork.swift */,
				D9B8B40B2AB4FCB800A4613A /* ArtistSearchView.swift */,
				D92B6F122A9BBF9400A7CCBD /* Assets.xcassets */,
				D92B6F142A9BBF9400A7CCBD /* Preview Content */,
			);
			path = Topster;
			sourceTree = "<group>";
		};
		D92B6F142A9BBF9400A7CCBD /* Preview Content */ = {
			isa = PBXGroup;
			children = (
				D92B6F152A9BBF9400A7CCBD /* Preview Assets.xcassets */,
			);
			path = "Preview Content";
			sourceTree = "<group>";
		};
		D9B8B4062AB4FAFD00A4613A /* Models */ = {
			isa = PBXGroup;
			children = (
				D9B8B4072AB4FB0800A4613A /* Artist.swift */,
				D9B8B4092AB4FB2800A4613A /* Track.swift */,
			);
			path = Models;
			sourceTree = "<group>";
		};
/* End PBXGroup section */

/* Begin PBXNativeTarget section */
		D92B6F0A2A9BBF9300A7CCBD /* Topster */ = {
			isa = PBXNativeTarget;
			buildConfigurationList = D92B6F192A9BBF9400A7CCBD /* Build configuration list for PBXNativeTarget "Topster" */;
			buildPhases = (
				D92B6F072A9BBF9300A7CCBD /* Sources */,
				D92B6F082A9BBF9300A7CCBD /* Frameworks */,
				D92B6F092A9BBF9300A7CCBD /* Resources */,
			);
			buildRules = (
			);
			dependencies = (
			);
			name = Topster;
			productName = Topster;
			productReference = D92B6F0B2A9BBF9300A7CCBD /* Topster.app */;
			productType = "com.apple.product-type.application";
		};
/* End PBXNativeTarget section */

/* Begin PBXProject section */
		D92B6F032A9BBF9300A7CCBD /* Project object */ = {
			isa = PBXProject;
			attributes = {
				BuildIndependentTargetsInParallel = 1;
				LastSwiftUpdateCheck = 1430;
				LastUpgradeCheck = 1430;
				TargetAttributes = {
					D92B6F0A2A9BBF9300A7CCBD = {
						CreatedOnToolsVersion = 14.3.1;
					};
				};
			};
			buildConfigurationList = D92B6F062A9BBF9300A7CCBD /* Build configuration list for PBXProject "Topster" */;
			compatibilityVersion = "Xcode 14.0";
			developmentRegion = en;
			hasScannedForEncodings = 0;
			knownRegions = (
				en,
				Base,
			);
			mainGroup = D92B6F022A9BBF9300A7CCBD;
			productRefGroup = D92B6F0C2A9BBF9300A7CCBD /* Products */;
			projectDirPath = "";
			projectRoot = "";
			targets = (
				D92B6F0A2A9BBF9300A7CCBD /* Topster */,
			);
		};
/* End PBXProject section */

/* Begin PBXResourcesBuildPhase section */
		D92B6F092A9BBF9300A7CCBD /* Resources */ = {
			isa = PBXResourcesBuildPhase;
			buildActionMask = 2147483647;
			files = (
				D92B6F162A9BBF9400A7CCBD /* Preview Assets.xcassets in Resources */,
				D92B6F132A9BBF9400A7CCBD /* Assets.xcassets in Resources */,
			);
			runOnlyForDeploymentPostprocessing = 0;
		};
/* End PBXResourcesBuildPhase section */

/* Begin PBXSourcesBuildPhase section */
		D92B6F072A9BBF9300A7CCBD /* Sources */ = {
			isa = PBXSourcesBuildPhase;
			buildActionMask = 2147483647;
			files = (
				D92B6F112A9BBF9300A7CCBD /* ContentView.swift in Sources */,
				D9B8B40A2AB4FB2800A4613A /* Track.swift in Sources */,
				D9B8B4032AB3B41700A4613A /* TopArtistsNetwork.swift in Sources */,
				D92B6F1D2A9BBFA300A7CCBD /* FortyTwoGridView.swift in Sources */,
				D9B8B4082AB4FB0800A4613A /* Artist.swift in Sources */,
				D92B6F0F2A9BBF9300A7CCBD /* TopsterApp.swift in Sources */,
				D9B8B4012AB3AE6600A4613A /* TopTracksNetwork.swift in Sources */,
				D9B8B40C2AB4FCB800A4613A /* ArtistSearchView.swift in Sources */,
				D92B6F212A9E9BF700A7CCBD /* CollageView.swift in Sources */,
				D92B6F432AA380F700A7CCBD /* FortyScrollGridView.swift in Sources */,
				D92B6F1F2A9E9A5200A7CCBD /* FortyGridView.swift in Sources */,
			);
			runOnlyForDeploymentPostprocessing = 0;
		};
/* End PBXSourcesBuildPhase section */

/* Begin XCBuildConfiguration section */
		D92B6F172A9BBF9400A7CCBD /* Debug */ = {
			isa = XCBuildConfiguration;
			buildSettings = {
				ALWAYS_SEARCH_USER_PATHS = NO;
				CLANG_ANALYZER_NONNULL = YES;
				CLANG_ANALYZER_NUMBER_OBJECT_CONVERSION = YES_AGGRESSIVE;
				CLANG_CXX_LANGUAGE_STANDARD = "gnu++20";
				CLANG_ENABLE_MODULES = YES;
				CLANG_ENABLE_OBJC_ARC = YES;
				CLANG_ENABLE_OBJC_WEAK = YES;
				CLANG_WARN_BLOCK_CAPTURE_AUTORELEASING = YES;
				CLANG_WARN_BOOL_CONVERSION = YES;
				CLANG_WARN_COMMA = YES;
				CLANG_WARN_CONSTANT_CONVERSION = YES;
				CLANG_WARN_DEPRECATED_OBJC_IMPLEMENTATIONS = YES;
				CLANG_WARN_DIRECT_OBJC_ISA_USAGE = YES_ERROR;
				CLANG_WARN_DOCUMENTATION_COMMENTS = YES;
				CLANG_WARN_EMPTY_BODY = YES;
				CLANG_WARN_ENUM_CONVERSION = YES;
				CLANG_WARN_INFINITE_RECURSION = YES;
				CLANG_WARN_INT_CONVERSION = YES;
				CLANG_WARN_NON_LITERAL_NULL_CONVERSION = YES;
				CLANG_WARN_OBJC_IMPLICIT_RETAIN_SELF = YES;
				CLANG_WARN_OBJC_LITERAL_CONVERSION = YES;
				CLANG_WARN_OBJC_ROOT_CLASS = YES_ERROR;
				CLANG_WARN_QUOTED_INCLUDE_IN_FRAMEWORK_HEADER = YES;
				CLANG_WARN_RANGE_LOOP_ANALYSIS = YES;
				CLANG_WARN_STRICT_PROTOTYPES = YES;
				CLANG_WARN_SUSPICIOUS_MOVE = YES;
				CLANG_WARN_UNGUARDED_AVAILABILITY = YES_AGGRESSIVE;
				CLANG_WARN_UNREACHABLE_CODE = YES;
				CLANG_WARN__DUPLICATE_METHOD_MATCH = YES;
				COPY_PHASE_STRIP = NO;
				DEBUG_INFORMATION_FORMAT = dwarf;
				ENABLE_STRICT_OBJC_MSGSEND = YES;
				ENABLE_TESTABILITY = YES;
				GCC_C_LANGUAGE_STANDARD = gnu11;
				GCC_DYNAMIC_NO_PIC = NO;
				GCC_NO_COMMON_BLOCKS = YES;
				GCC_OPTIMIZATION_LEVEL = 0;
				GCC_PREPROCESSOR_DEFINITIONS = (
					"DEBUG=1",
					"$(inherited)",
				);
				GCC_WARN_64_TO_32_BIT_CONVERSION = YES;
				GCC_WARN_ABOUT_RETURN_TYPE = YES_ERROR;
				GCC_WARN_UNDECLARED_SELECTOR = YES;
				GCC_WARN_UNINITIALIZED_AUTOS = YES_AGGRESSIVE;
				GCC_WARN_UNUSED_FUNCTION = YES;
				GCC_WARN_UNUSED_VARIABLE = YES;
				IPHONEOS_DEPLOYMENT_TARGET = 16.4;
				MTL_ENABLE_DEBUG_INFO = INCLUDE_SOURCE;
				MTL_FAST_MATH = YES;
				ONLY_ACTIVE_ARCH = YES;
				SDKROOT = iphoneos;
				SWIFT_ACTIVE_COMPILATION_CONDITIONS = DEBUG;
				SWIFT_OPTIMIZATION_LEVEL = "-Onone";
			};
			name = Debug;
		};
		D92B6F182A9BBF9400A7CCBD /* Release */ = {
			isa = XCBuildConfiguration;
			buildSettings = {
				ALWAYS_SEARCH_USER_PATHS = NO;
				CLANG_ANALYZER_NONNULL = YES;
				CLANG_ANALYZER_NUMBER_OBJECT_CONVERSION = YES_AGGRESSIVE;
				CLANG_CXX_LANGUAGE_STANDARD = "gnu++20";
				CLANG_ENABLE_MODULES = YES;
				CLANG_ENABLE_OBJC_ARC = YES;
				CLANG_ENABLE_OBJC_WEAK = YES;
				CLANG_WARN_BLOCK_CAPTURE_AUTORELEASING = YES;
				CLANG_WARN_BOOL_CONVERSION = YES;
				CLANG_WARN_COMMA = YES;
				CLANG_WARN_CONSTANT_CONVERSION = YES;
				CLANG_WARN_DEPRECATED_OBJC_IMPLEMENTATIONS = YES;
				CLANG_WARN_DIRECT_OBJC_ISA_USAGE = YES_ERROR;
				CLANG_WARN_DOCUMENTATION_COMMENTS = YES;
				CLANG_WARN_EMPTY_BODY = YES;
				CLANG_WARN_ENUM_CONVERSION = YES;
				CLANG_WARN_INFINITE_RECURSION = YES;
				CLANG_WARN_INT_CONVERSION = YES;
				CLANG_WARN_NON_LITERAL_NULL_CONVERSION = YES;
				CLANG_WARN_OBJC_IMPLICIT_RETAIN_SELF = YES;
				CLANG_WARN_OBJC_LITERAL_CONVERSION = YES;
				CLANG_WARN_OBJC_ROOT_CLASS = YES_ERROR;
				CLANG_WARN_QUOTED_INCLUDE_IN_FRAMEWORK_HEADER = YES;
				CLANG_WARN_RANGE_LOOP_ANALYSIS = YES;
				CLANG_WARN_STRICT_PROTOTYPES = YES;
				CLANG_WARN_SUSPICIOUS_MOVE = YES;
				CLANG_WARN_UNGUARDED_AVAILABILITY = YES_AGGRESSIVE;
				CLANG_WARN_UNREACHABLE_CODE = YES;
				CLANG_WARN__DUPLICATE_METHOD_MATCH = YES;
				COPY_PHASE_STRIP = NO;
				DEBUG_INFORMATION_FORMAT = "dwarf-with-dsym";
				ENABLE_NS_ASSERTIONS = NO;
				ENABLE_STRICT_OBJC_MSGSEND = YES;
				GCC_C_LANGUAGE_STANDARD = gnu11;
				GCC_NO_COMMON_BLOCKS = YES;
				GCC_WARN_64_TO_32_BIT_CONVERSION = YES;
				GCC_WARN_ABOUT_RETURN_TYPE = YES_ERROR;
				GCC_WARN_UNDECLARED_SELECTOR = YES;
				GCC_WARN_UNINITIALIZED_AUTOS = YES_AGGRESSIVE;
				GCC_WARN_UNUSED_FUNCTION = YES;
				GCC_WARN_UNUSED_VARIABLE = YES;
				IPHONEOS_DEPLOYMENT_TARGET = 16.4;
				MTL_ENABLE_DEBUG_INFO = NO;
				MTL_FAST_MATH = YES;
				SDKROOT = iphoneos;
				SWIFT_COMPILATION_MODE = wholemodule;
				SWIFT_OPTIMIZATION_LEVEL = "-O";
				VALIDATE_PRODUCT = YES;
			};
			name = Release;
		};
		D92B6F1A2A9BBF9400A7CCBD /* Debug */ = {
			isa = XCBuildConfiguration;
			buildSettings = {
				ASSETCATALOG_COMPILER_APPICON_NAME = AppIcon;
				ASSETCATALOG_COMPILER_GLOBAL_ACCENT_COLOR_NAME = AccentColor;
				CODE_SIGN_STYLE = Automatic;
				CURRENT_PROJECT_VERSION = 1;
				DEVELOPMENT_ASSET_PATHS = "\"Topster/Preview Content\"";
				DEVELOPMENT_TEAM = PDF936JKA3;
				ENABLE_PREVIEWS = YES;
				GENERATE_INFOPLIST_FILE = YES;
				INFOPLIST_KEY_UIApplicationSceneManifest_Generation = YES;
				INFOPLIST_KEY_UIApplicationSupportsIndirectInputEvents = YES;
				INFOPLIST_KEY_UILaunchScreen_Generation = YES;
				INFOPLIST_KEY_UISupportedInterfaceOrientations_iPad = "UIInterfaceOrientationPortrait UIInterfaceOrientationPortraitUpsideDown UIInterfaceOrientationLandscapeLeft UIInterfaceOrientationLandscapeRight";
				INFOPLIST_KEY_UISupportedInterfaceOrientations_iPhone = "UIInterfaceOrientationPortrait UIInterfaceOrientationLandscapeLeft UIInterfaceOrientationLandscapeRight";
				LD_RUNPATH_SEARCH_PATHS = (
					"$(inherited)",
					"@executable_path/Frameworks",
				);
				MARKETING_VERSION = 1.0;
				PRODUCT_BUNDLE_IDENTIFIER = com.austinlavalley.Topster;
				PRODUCT_NAME = "$(TARGET_NAME)";
				SWIFT_EMIT_LOC_STRINGS = YES;
				SWIFT_VERSION = 5.0;
				TARGETED_DEVICE_FAMILY = "1,2";
			};
			name = Debug;
		};
		D92B6F1B2A9BBF9400A7CCBD /* Release */ = {
			isa = XCBuildConfiguration;
			buildSettings = {
				ASSETCATALOG_COMPILER_APPICON_NAME = AppIcon;
				ASSETCATALOG_COMPILER_GLOBAL_ACCENT_COLOR_NAME = AccentColor;
				CODE_SIGN_STYLE = Automatic;
				CURRENT_PROJECT_VERSION = 1;
				DEVELOPMENT_ASSET_PATHS = "\"Topster/Preview Content\"";
				DEVELOPMENT_TEAM = PDF936JKA3;
				ENABLE_PREVIEWS = YES;
				GENERATE_INFOPLIST_FILE = YES;
				INFOPLIST_KEY_UIApplicationSceneManifest_Generation = YES;
				INFOPLIST_KEY_UIApplicationSupportsIndirectInputEvents = YES;
				INFOPLIST_KEY_UILaunchScreen_Generation = YES;
				INFOPLIST_KEY_UISupportedInterfaceOrientations_iPad = "UIInterfaceOrientationPortrait UIInterfaceOrientationPortraitUpsideDown UIInterfaceOrientationLandscapeLeft UIInterfaceOrientationLandscapeRight";
				INFOPLIST_KEY_UISupportedInterfaceOrientations_iPhone = "UIInterfaceOrientationPortrait UIInterfaceOrientationLandscapeLeft UIInterfaceOrientationLandscapeRight";
				LD_RUNPATH_SEARCH_PATHS = (
					"$(inherited)",
					"@executable_path/Frameworks",
				);
				MARKETING_VERSION = 1.0;
				PRODUCT_BUNDLE_IDENTIFIER = com.austinlavalley.Topster;
				PRODUCT_NAME = "$(TARGET_NAME)";
				SWIFT_EMIT_LOC_STRINGS = YES;
				SWIFT_VERSION = 5.0;
				TARGETED_DEVICE_FAMILY = "1,2";
			};
			name = Release;
		};
/* End XCBuildConfiguration section */

/* Begin XCConfigurationList section */
		D92B6F062A9BBF9300A7CCBD /* Build configuration list for PBXProject "Topster" */ = {
			isa = XCConfigurationList;
			buildConfigurations = (
				D92B6F172A9BBF9400A7CCBD /* Debug */,
				D92B6F182A9BBF9400A7CCBD /* Release */,
			);
			defaultConfigurationIsVisible = 0;
			defaultConfigurationName = Release;
		};
		D92B6F192A9BBF9400A7CCBD /* Build configuration list for PBXNativeTarget "Topster" */ = {
			isa = XCConfigurationList;
			buildConfigurations = (
				D92B6F1A2A9BBF9400A7CCBD /* Debug */,
				D92B6F1B2A9BBF9400A7CCBD /* Release */,
			);
			defaultConfigurationIsVisible = 0;
			defaultConfigurationName = Release;
		};
/* End XCConfigurationList section */
	};
	rootObject = D92B6F032A9BBF9300A7CCBD /* Project object */;
}
