// !$*UTF8*$!
{
	archiveVersion = 1;
	classes = {
	};
	objectVersion = 56;
	objects = {

/* Begin PBXBuildFile section */
		057B4B48A70FC66518208648 /* RequestBuildingTests.swift in Sources */ = {isa = PBXBuildFile; fileRef = 882E09C19C705B9D42F78BA0 /* RequestBuildingTests.swift */; };
		184A35E3D33CB7E9A369FEAA /* CoverResolutionTests.swift in Sources */ = {isa = PBXBuildFile; fileRef = 59921367CAB6CD3078FBDA2C /* CoverResolutionTests.swift */; };
		257B39BD0395263395E04F7D /* Foundation.framework in Frameworks */ = {isa = PBXBuildFile; fileRef = E27F7B6FCEF196F584F58CC1 /* Foundation.framework */; };
		3454A3F5C81389F73633F76B /* ResponseDecodingTests.swift in Sources */ = {isa = PBXBuildFile; fileRef = B2D0892549E0C8DF70AF79D9 /* ResponseDecodingTests.swift */; };
		97274259631D13944C99B3B1 /* CoverArchiveTests.swift in Sources */ = {isa = PBXBuildFile; fileRef = 7D56BEDFA2A77EB923433FFA /* CoverArchiveTests.swift */; };
		B334FA5B82095B09DE5798EF /* ExportRenderTests.swift in Sources */ = {isa = PBXBuildFile; fileRef = 238A5096857BB6BB880878A1 /* ExportRenderTests.swift */; };
		B89CC38CA1A04CAAB9446D1E /* Foundation.framework in Frameworks */ = {isa = PBXBuildFile; fileRef = E27F7B6FCEF196F584F58CC1 /* Foundation.framework */; };
		D91952862AFE858300FD246C /* SettingsView.swift in Sources */ = {isa = PBXBuildFile; fileRef = D91952852AFE858300FD246C /* SettingsView.swift */; };
		D91952882B002DFC00FD246C /* RenderView.swift in Sources */ = {isa = PBXBuildFile; fileRef = D91952872B002DFC00FD246C /* RenderView.swift */; };
		D91952A82B02C2DA00FD246C /* InternetImage.swift in Sources */ = {isa = PBXBuildFile; fileRef = D91952A72B02C2DA00FD246C /* InternetImage.swift */; };
		D92B6F0F2A9BBF9300A7CCBD /* TopsterApp.swift in Sources */ = {isa = PBXBuildFile; fileRef = D92B6F0E2A9BBF9300A7CCBD /* TopsterApp.swift */; };
		D92B6F112A9BBF9300A7CCBD /* ContentView.swift in Sources */ = {isa = PBXBuildFile; fileRef = D92B6F102A9BBF9300A7CCBD /* ContentView.swift */; };
		D92B6F132A9BBF9400A7CCBD /* Assets.xcassets in Resources */ = {isa = PBXBuildFile; fileRef = D92B6F122A9BBF9400A7CCBD /* Assets.xcassets */; };
		D92B6F162A9BBF9400A7CCBD /* Preview Assets.xcassets in Resources */ = {isa = PBXBuildFile; fileRef = D92B6F152A9BBF9400A7CCBD /* Preview Assets.xcassets */; };
		D92B6F432AA380F700A7CCBD /* FortyGridView.swift in Sources */ = {isa = PBXBuildFile; fileRef = D92B6F422AA380F600A7CCBD /* FortyGridView.swift */; };
		D9346C692ACB7AC200CA8F70 /* Album.swift in Sources */ = {isa = PBXBuildFile; fileRef = D9346C682ACB7AC200CA8F70 /* Album.swift */; };
		D93AD4BC2AC23449001D2BA3 /* AlbumSearchView.swift in Sources */ = {isa = PBXBuildFile; fileRef = D93AD4BB2AC23449001D2BA3 /* AlbumSearchView.swift */; };
		D93AD4BE2AC64226001D2BA3 /* FortyScrollGridViewModel.swift in Sources */ = {isa = PBXBuildFile; fileRef = D93AD4BD2AC64226001D2BA3 /* FortyScrollGridViewModel.swift */; };
		D93B71DC2C934C63002F816C /* GridLayoutSheet.swift in Sources */ = {isa = PBXBuildFile; fileRef = D93B71DB2C934C63002F816C /* GridLayoutSheet.swift */; };
		D93B71DE2C93959B002F816C /* GridLayoutSelectOption.swift in Sources */ = {isa = PBXBuildFile; fileRef = D93B71DD2C93959A002F816C /* GridLayoutSelectOption.swift */; };
		D9766B842D494255008457B7 /* Secrets.plist in Resources */ = {isa = PBXBuildFile; fileRef = D9766B832D494255008457B7 /* Secrets.plist */; };
		D99642542ABB50B6004CEA01 /* SearchResults.swift in Sources */ = {isa = PBXBuildFile; fileRef = D99642532ABB50B6004CEA01 /* SearchResults.swift */; };
		D9ADFFE52C98815A00CA2D0F /* fittingrows.swift in Sources */ = {isa = PBXBuildFile; fileRef = D9ADFFE42C98815A00CA2D0F /* fittingrows.swift */; };
		D9B519972BDD6CC800E703EF /* LoadingView.swift in Sources */ = {isa = PBXBuildFile; fileRef = D9B519962BDD6CC800E703EF /* LoadingView.swift */; };
		D9B8B4012AB3AE6600A4613A /* TopTracksNetwork.swift in Sources */ = {isa = PBXBuildFile; fileRef = D9B8B4002AB3AE6600A4613A /* TopTracksNetwork.swift */; };
		D9B8B4032AB3B41700A4613A /* TopArtistsNetwork.swift in Sources */ = {isa = PBXBuildFile; fileRef = D9B8B4022AB3B41700A4613A /* TopArtistsNetwork.swift */; };
		D9B8B4082AB4FB0800A4613A /* Artist.swift in Sources */ = {isa = PBXBuildFile; fileRef = D9B8B4072AB4FB0800A4613A /* Artist.swift */; };
		D9B8B40A2AB4FB2800A4613A /* Track.swift in Sources */ = {isa = PBXBuildFile; fileRef = D9B8B4092AB4FB2800A4613A /* Track.swift */; };
		D9B8B40C2AB4FCB800A4613A /* ArtistSearchView.swift in Sources */ = {isa = PBXBuildFile; fileRef = D9B8B40B2AB4FCB800A4613A /* ArtistSearchView.swift */; };
		D9B8B40E2AB8BED300A4613A /* Networker.swift in Sources */ = {isa = PBXBuildFile; fileRef = D9B8B40D2AB8BED300A4613A /* Networker.swift */; };
		D9C578742B0EAF2600B94E1F /* GridContent.swift in Sources */ = {isa = PBXBuildFile; fileRef = D9C578732B0EAF2600B94E1F /* GridContent.swift */; };
		D9C578762B14E7F900B94E1F /* ButtonStyles.swift in Sources */ = {isa = PBXBuildFile; fileRef = D9C578752B14E7F900B94E1F /* ButtonStyles.swift */; };
		D9C8CCC02AEDC54400FF0997 /* SavedGridCardView.swift in Sources */ = {isa = PBXBuildFile; fileRef = D9C8CCBF2AEDC54400FF0997 /* SavedGridCardView.swift */; };
		D9C8CCC22AF582E500FF0997 /* SavedGridsListView.swift in Sources */ = {isa = PBXBuildFile; fileRef = D9C8CCC12AF582E500FF0997 /* SavedGridsListView.swift */; };
		EE952AB98F02DA48CBDCA5FB /* CoverArchive.swift in Sources */ = {isa = PBXBuildFile; fileRef = D11EC70B7F1CF42EEE85A8FD /* CoverArchive.swift */; };
/* End PBXBuildFile section */

/* Begin PBXContainerItemProxy section */
		041989E6945FE59058780193 /* PBXContainerItemProxy */ = {
			isa = PBXContainerItemProxy;
			containerPortal = D92B6F032A9BBF9300A7CCBD /* Project object */;
			proxyType = 1;
			remoteGlobalIDString = D92B6F0A2A9BBF9300A7CCBD;
			remoteInfo = Topster;
		};
		5A7DFE3912923738197C8DB2 /* PBXContainerItemProxy */ = {
			isa = PBXContainerItemProxy;
			containerPortal = D92B6F032A9BBF9300A7CCBD /* Project object */;
			proxyType = 1;
			remoteGlobalIDString = D92B6F0A2A9BBF9300A7CCBD;
			remoteInfo = Topster;
		};
/* End PBXContainerItemProxy section */

/* Begin PBXFileReference section */
		238A5096857BB6BB880878A1 /* ExportRenderTests.swift */ = {isa = PBXFileReference; includeInIndex = 1; lastKnownFileType = sourcecode.swift; path = ExportRenderTests.swift; sourceTree = "<group>"; };
		59921367CAB6CD3078FBDA2C /* CoverResolutionTests.swift */ = {isa = PBXFileReference; includeInIndex = 1; lastKnownFileType = sourcecode.swift; path = CoverResolutionTests.swift; sourceTree = "<group>"; };
		68CB71BB8997B7668F594063 /* TopsterTests.xctest */ = {isa = PBXFileReference; explicitFileType = wrapper.cfbundle; includeInIndex = 0; path = TopsterTests.xctest; sourceTree = BUILT_PRODUCTS_DIR; };
		7D56BEDFA2A77EB923433FFA /* CoverArchiveTests.swift */ = {isa = PBXFileReference; includeInIndex = 1; lastKnownFileType = sourcecode.swift; path = CoverArchiveTests.swift; sourceTree = "<group>"; };
		882E09C19C705B9D42F78BA0 /* RequestBuildingTests.swift */ = {isa = PBXFileReference; includeInIndex = 1; lastKnownFileType = sourcecode.swift; path = RequestBuildingTests.swift; sourceTree = "<group>"; };
		B2D0892549E0C8DF70AF79D9 /* ResponseDecodingTests.swift */ = {isa = PBXFileReference; includeInIndex = 1; lastKnownFileType = sourcecode.swift; path = ResponseDecodingTests.swift; sourceTree = "<group>"; };
		D11EC70B7F1CF42EEE85A8FD /* CoverArchive.swift */ = {isa = PBXFileReference; includeInIndex = 1; lastKnownFileType = sourcecode.swift; path = CoverArchive.swift; sourceTree = "<group>"; };
		D7DF645526BC4A9AF0586E36 /* TopsterUITests.xctest */ = {isa = PBXFileReference; explicitFileType = wrapper.cfbundle; includeInIndex = 0; path = TopsterUITests.xctest; sourceTree = BUILT_PRODUCTS_DIR; };
		D91952852AFE858300FD246C /* SettingsView.swift */ = {isa = PBXFileReference; lastKnownFileType = sourcecode.swift; path = SettingsView.swift; sourceTree = "<group>"; };
		D91952872B002DFC00FD246C /* RenderView.swift */ = {isa = PBXFileReference; lastKnownFileType = sourcecode.swift; path = RenderView.swift; sourceTree = "<group>"; };
		D91952A72B02C2DA00FD246C /* InternetImage.swift */ = {isa = PBXFileReference; lastKnownFileType = sourcecode.swift; path = InternetImage.swift; sourceTree = "<group>"; };
		D92B6F0B2A9BBF9300A7CCBD /* Topster.app */ = {isa = PBXFileReference; explicitFileType = wrapper.application; includeInIndex = 0; path = Topster.app; sourceTree = BUILT_PRODUCTS_DIR; };
		D92B6F0E2A9BBF9300A7CCBD /* TopsterApp.swift */ = {isa = PBXFileReference; lastKnownFileType = sourcecode.swift; path = TopsterApp.swift; sourceTree = "<group>"; };
		D92B6F102A9BBF9300A7CCBD /* ContentView.swift */ = {isa = PBXFileReference; lastKnownFileType = sourcecode.swift; path = ContentView.swift; sourceTree = "<group>"; };
		D92B6F122A9BBF9400A7CCBD /* Assets.xcassets */ = {isa = PBXFileReference; lastKnownFileType = folder.assetcatalog; path = Assets.xcassets; sourceTree = "<group>"; };
		D92B6F152A9BBF9400A7CCBD /* Preview Assets.xcassets */ = {isa = PBXFileReference; lastKnownFileType = folder.assetcatalog; path = "Preview Assets.xcassets"; sourceTree = "<group>"; };
		D92B6F422AA380F600A7CCBD /* FortyGridView.swift */ = {isa = PBXFileReference; lastKnownFileType = sourcecode.swift; path = FortyGridView.swift; sourceTree = "<group>"; };
		D9346C682ACB7AC200CA8F70 /* Album.swift */ = {isa = PBXFileReference; lastKnownFileType = sourcecode.swift; path = Album.swift; sourceTree = "<group>"; };
		D93AD4BB2AC23449001D2BA3 /* AlbumSearchView.swift */ = {isa = PBXFileReference; lastKnownFileType = sourcecode.swift; path = AlbumSearchView.swift; sourceTree = "<group>"; };
		D93AD4BD2AC64226001D2BA3 /* FortyScrollGridViewModel.swift */ = {isa = PBXFileReference; lastKnownFileType = sourcecode.swift; path = FortyScrollGridViewModel.swift; sourceTree = "<group>"; };
		D93B71DB2C934C63002F816C /* GridLayoutSheet.swift */ = {isa = PBXFileReference; lastKnownFileType = sourcecode.swift; path = GridLayoutSheet.swift; sourceTree = "<group>"; };
		D93B71DD2C93959A002F816C /* GridLayoutSelectOption.swift */ = {isa = PBXFileReference; lastKnownFileType = sourcecode.swift; path = GridLayoutSelectOption.swift; sourceTree = "<group>"; };
		D9766B832D494255008457B7 /* Secrets.plist */ = {isa = PBXFileReference; lastKnownFileType = text.plist.xml; path = Secrets.plist; sourceTree = "<group>"; };
		D99642532ABB50B6004CEA01 /* SearchResults.swift */ = {isa = PBXFileReference; lastKnownFileType = sourcecode.swift; path = SearchResults.swift; sourceTree = "<group>"; };
		D9ADFFE42C98815A00CA2D0F /* fittingrows.swift */ = {isa = PBXFileReference; lastKnownFileType = sourcecode.swift; path = fittingrows.swift; sourceTree = "<group>"; };
		D9B519962BDD6CC800E703EF /* LoadingView.swift */ = {isa = PBXFileReference; lastKnownFileType = sourcecode.swift; path = LoadingView.swift; sourceTree = "<group>"; };
		D9B8B4002AB3AE6600A4613A /* TopTracksNetwork.swift */ = {isa = PBXFileReference; lastKnownFileType = sourcecode.swift; path = TopTracksNetwork.swift; sourceTree = "<group>"; };
		D9B8B4022AB3B41700A4613A /* TopArtistsNetwork.swift */ = {isa = PBXFileReference; lastKnownFileType = sourcecode.swift; path = TopArtistsNetwork.swift; sourceTree = "<group>"; };
		D9B8B4072AB4FB0800A4613A /* Artist.swift */ = {isa = PBXFileReference; lastKnownFileType = sourcecode.swift; path = Artist.swift; sourceTree = "<group>"; };
		D9B8B4092AB4FB2800A4613A /* Track.swift */ = {isa = PBXFileReference; lastKnownFileType = sourcecode.swift; path = Track.swift; sourceTree = "<group>"; };
		D9B8B40B2AB4FCB800A4613A /* ArtistSearchView.swift */ = {isa = PBXFileReference; lastKnownFileType = sourcecode.swift; path = ArtistSearchView.swift; sourceTree = "<group>"; };
		D9B8B40D2AB8BED300A4613A /* Networker.swift */ = {isa = PBXFileReference; lastKnownFileType = sourcecode.swift; path = Networker.swift; sourceTree = "<group>"; };
		D9C578722B0D66A500B94E1F /* Info.plist */ = {isa = PBXFileReference; lastKnownFileType = text.plist; path = Info.plist; sourceTree = "<group>"; };
		D9C578732B0EAF2600B94E1F /* GridContent.swift */ = {isa = PBXFileReference; lastKnownFileType = sourcecode.swift; path = GridContent.swift; sourceTree = "<group>"; };
		D9C578752B14E7F900B94E1F /* ButtonStyles.swift */ = {isa = PBXFileReference; lastKnownFileType = sourcecode.swift; path = ButtonStyles.swift; sourceTree = "<group>"; };
		D9C8CCBF2AEDC54400FF0997 /* SavedGridCardView.swift */ = {isa = PBXFileReference; lastKnownFileType = sourcecode.swift; path = SavedGridCardView.swift; sourceTree = "<group>"; };
		D9C8CCC12AF582E500FF0997 /* SavedGridsListView.swift */ = {isa = PBXFileReference; lastKnownFileType = sourcecode.swift; path = SavedGridsListView.swift; sourceTree = "<group>"; };
		E27F7B6FCEF196F584F58CC1 /* Foundation.framework */ = {isa = PBXFileReference; lastKnownFileType = wrapper.framework; name = Foundation.framework; path = Platforms/iPhoneOS.platform/Developer/SDKs/iPhoneOS26.0.sdk/System/Library/Frameworks/Foundation.framework; sourceTree = DEVELOPER_DIR; };
/* End PBXFileReference section */

/* Begin PBXFrameworksBuildPhase section */
		D92B6F082A9BBF9300A7CCBD /* Frameworks */ = {
			isa = PBXFrameworksBuildPhase;
			buildActionMask = 2147483647;
			files = (
			);
			runOnlyForDeploymentPostprocessing = 0;
		};
		F3D6320EAD9395CDF5FE3E0B /* Frameworks */ = {
			isa = PBXFrameworksBuildPhase;
			buildActionMask = 2147483647;
			files = (
				B89CC38CA1A04CAAB9446D1E /* Foundation.framework in Frameworks */,
			);
			runOnlyForDeploymentPostprocessing = 0;
		};
		FBF5376FFA5492EBA42A6567 /* Frameworks */ = {
			isa = PBXFrameworksBuildPhase;
			buildActionMask = 2147483647;
			files = (
				257B39BD0395263395E04F7D /* Foundation.framework in Frameworks */,
			);
			runOnlyForDeploymentPostprocessing = 0;
		};
/* End PBXFrameworksBuildPhase section */

/* Begin PBXGroup section */
		1DF9FF5A6A701FC273DAE0C7 /* Frameworks */ = {
			isa = PBXGroup;
			children = (
				4815FA3E56DEB2F0D5341ED8 /* iOS */,
			);
			name = Frameworks;
			sourceTree = "<group>";
		};
		4815FA3E56DEB2F0D5341ED8 /* iOS */ = {
			isa = PBXGroup;
			children = (
				E27F7B6FCEF196F584F58CC1 /* Foundation.framework */,
			);
			name = iOS;
			sourceTree = "<group>";
		};
		9AB95987E048E21D622646BF /* TopsterUITests */ = {
			isa = PBXGroup;
			children = (
				238A5096857BB6BB880878A1 /* ExportRenderTests.swift */,
				7D56BEDFA2A77EB923433FFA /* CoverArchiveTests.swift */,
			);
			name = TopsterUITests;
			path = TopsterUITests;
			sourceTree = SOURCE_ROOT;
		};
		D92B6F022A9BBF9300A7CCBD = {
			isa = PBXGroup;
			children = (
				D92B6F0D2A9BBF9300A7CCBD /* Topster */,
				D92B6F0C2A9BBF9300A7CCBD /* Products */,
				1DF9FF5A6A701FC273DAE0C7 /* Frameworks */,
				9AB95987E048E21D622646BF /* TopsterUITests */,
				EC870BE1CA5C6ECCB585BF20 /* TopsterTests */,
			);
			sourceTree = "<group>";
		};
		D92B6F0C2A9BBF9300A7CCBD /* Products */ = {
			isa = PBXGroup;
			children = (
				D92B6F0B2A9BBF9300A7CCBD /* Topster.app */,
				D7DF645526BC4A9AF0586E36 /* TopsterUITests.xctest */,
				68CB71BB8997B7668F594063 /* TopsterTests.xctest */,
			);
			name = Products;
			sourceTree = "<group>";
		};
		D92B6F0D2A9BBF9300A7CCBD /* Topster */ = {
			isa = PBXGroup;
			children = (
				D9766B832D494255008457B7 /* Secrets.plist */,
				D91952A72B02C2DA00FD246C /* InternetImage.swift */,
				D9C578752B14E7F900B94E1F /* ButtonStyles.swift */,
				D9C578722B0D66A500B94E1F /* Info.plist */,
				D9B8B4062AB4FAFD00A4613A /* Models */,
				D92B6F0E2A9BBF9300A7CCBD /* TopsterApp.swift */,
				D92B6F102A9BBF9300A7CCBD /* ContentView.swift */,
				D93AD4BD2AC64226001D2BA3 /* FortyScrollGridViewModel.swift */,
				D96E3FCC2B1793C800A6D12B /* Views */,
				D9B8B40B2AB4FCB800A4613A /* ArtistSearchView.swift */,
				D93AD4BB2AC23449001D2BA3 /* AlbumSearchView.swift */,
				D9C8CCBF2AEDC54400FF0997 /* SavedGridCardView.swift */,
				D96E3FCB2B17937600A6D12B /* Data */,
				D92B6F122A9BBF9400A7CCBD /* Assets.xcassets */,
				D92B6F142A9BBF9400A7CCBD /* Preview Content */,
			);
			path = Topster;
			sourceTree = "<group>";
		};
		D92B6F142A9BBF9400A7CCBD /* Preview Content */ = {
			isa = PBXGroup;
			children = (
				D92B6F152A9BBF9400A7CCBD /* Preview Assets.xcassets */,
			);
			path = "Preview Content";
			sourceTree = "<group>";
		};
		D96E3FCB2B17937600A6D12B /* Data */ = {
			isa = PBXGroup;
			children = (
				D9B8B4002AB3AE6600A4613A /* TopTracksNetwork.swift */,
				D9B8B4022AB3B41700A4613A /* TopArtistsNetwork.swift */,
				D9B8B40D2AB8BED300A4613A /* Networker.swift */,
				D11EC70B7F1CF42EEE85A8FD /* CoverArchive.swift */,
			);
			path = Data;
			sourceTree = "<group>";
		};
		D96E3FCC2B1793C800A6D12B /* Views */ = {
			isa = PBXGroup;
			children = (
				D96E3FCE2B17940D00A6D12B /* GridView */,
				D9C8CCC12AF582E500FF0997 /* SavedGridsListView.swift */,
				D91952852AFE858300FD246C /* SettingsView.swift */,
			);
			path = Views;
			sourceTree = "<group>";
		};
		D96E3FCE2B17940D00A6D12B /* GridView */ = {
			isa = PBXGroup;
			children = (
				D92B6F422AA380F600A7CCBD /* FortyGridView.swift */,
				D96E3FCF2B17941800A6D12B /* Subviews */,
			);
			path = GridView;
			sourceTree = "<group>";
		};
		D96E3FCF2B17941800A6D12B /* Subviews */ = {
			isa = PBXGroup;
			children = (
				D93B71DB2C934C63002F816C /* GridLayoutSheet.swift */,
				D93B71DD2C93959A002F816C /* GridLayoutSelectOption.swift */,
				D9B519962BDD6CC800E703EF /* LoadingView.swift */,
				D91952872B002DFC00FD246C /* RenderView.swift */,
				D9ADFFE42C98815A00CA2D0F /* fittingrows.swift */,
				D9C578732B0EAF2600B94E1F /* GridContent.swift */,
			);
			path = Subviews;
			sourceTree = "<group>";
		};
		D9B8B4062AB4FAFD00A4613A /* Models */ = {
			isa = PBXGroup;
			children = (
				D9B8B4072AB4FB0800A4613A /* Artist.swift */,
				D9B8B4092AB4FB2800A4613A /* Track.swift */,
				D9346C682ACB7AC200CA8F70 /* Album.swift */,
				D99642532ABB50B6004CEA01 /* SearchResults.swift */,
			);
			path = Models;
			sourceTree = "<group>";
		};
		EC870BE1CA5C6ECCB585BF20 /* TopsterTests */ = {
			isa = PBXGroup;
			children = (
				59921367CAB6CD3078FBDA2C /* CoverResolutionTests.swift */,
				882E09C19C705B9D42F78BA0 /* RequestBuildingTests.swift */,
				B2D0892549E0C8DF70AF79D9 /* ResponseDecodingTests.swift */,
			);
			name = TopsterTests;
			path = TopsterTests;
			sourceTree = SOURCE_ROOT;
		};
/* End PBXGroup section */

/* Begin PBXNativeTarget section */
		309E3B2181135203F6F5A8F4 /* TopsterTests */ = {
			isa = PBXNativeTarget;
			buildConfigurationList = A887DAD4C57E0DA7AAA97432 /* Build configuration list for PBXNativeTarget "TopsterTests" */;
			buildPhases = (
				61A2CD1A0C42AB0DD99F0566 /* Sources */,
				FBF5376FFA5492EBA42A6567 /* Frameworks */,
				39496842D2027408C678E4F7 /* Resources */,
			);
			buildRules = (
			);
			dependencies = (
				81787A7BA3CB30C823ABEADB /* PBXTargetDependency */,
			);
			name = TopsterTests;
			productName = TopsterTests;
			productReference = 68CB71BB8997B7668F594063 /* TopsterTests.xctest */;
			productType = "com.apple.product-type.bundle.unit-test";
		};
		90C2FC204CA7D5B1B8C9C3A5 /* TopsterUITests */ = {
			isa = PBXNativeTarget;
			buildConfigurationList = 18D2A37842CC58D5AD322C24 /* Build configuration list for PBXNativeTarget "TopsterUITests" */;
			buildPhases = (
				63A58F3897F331EC8FC7A7F2 /* Sources */,
				F3D6320EAD9395CDF5FE3E0B /* Frameworks */,
				C54C4AAD112BD0DEE596CCFE /* Resources */,
			);
			buildRules = (
			);
			dependencies = (
				8E1A283002A9D07D1DADDD4A /* PBXTargetDependency */,
			);
			name = TopsterUITests;
			productName = TopsterUITests;
			productReference = D7DF645526BC4A9AF0586E36 /* TopsterUITests.xctest */;
			productType = "com.apple.product-type.bundle.ui-testing";
		};
		D92B6F0A2A9BBF9300A7CCBD /* Topster */ = {
			isa = PBXNativeTarget;
			buildConfigurationList = D92B6F192A9BBF9400A7CCBD /* Build configuration list for PBXNativeTarget "Topster" */;
			buildPhases = (
				D92B6F072A9BBF9300A7CCBD /* Sources */,
				D92B6F082A9BBF9300A7CCBD /* Frameworks */,
				D92B6F092A9BBF9300A7CCBD /* Resources */,
			);
			buildRules = (
			);
			dependencies = (
			);
			name = Topster;
			productName = Topster;
			productReference = D92B6F0B2A9BBF9300A7CCBD /* Topster.app */;
			productType = "com.apple.product-type.application";
		};
/* End PBXNativeTarget section */

/* Begin PBXProject section */
		D92B6F032A9BBF9300A7CCBD /* Project object */ = {
			isa = PBXProject;
			attributes = {
				BuildIndependentTargetsInParallel = 1;
				LastSwiftUpdateCheck = 1430;
				LastUpgradeCheck = 1600;
				TargetAttributes = {
					D92B6F0A2A9BBF9300A7CCBD = {
						CreatedOnToolsVersion = 14.3.1;
					};
				};
			};
			buildConfigurationList = D92B6F062A9BBF9300A7CCBD /* Build configuration list for PBXProject "Topster" */;
			compatibilityVersion = "Xcode 14.0";
			developmentRegion = en;
			hasScannedForEncodings = 0;
			knownRegions = (
				en,
				Base,
			);
			mainGroup = D92B6F022A9BBF9300A7CCBD;
			productRefGroup = D92B6F0C2A9BBF9300A7CCBD /* Products */;
			projectDirPath = "";
			projectRoot = "";
			targets = (
				D92B6F0A2A9BBF9300A7CCBD /* Topster */,
				90C2FC204CA7D5B1B8C9C3A5 /* TopsterUITests */,
				309E3B2181135203F6F5A8F4 /* TopsterTests */,
			);
		};
/* End PBXProject section */

/* Begin PBXResourcesBuildPhase section */
		39496842D2027408C678E4F7 /* Resources */ = {
			isa = PBXResourcesBuildPhase;
			buildActionMask = 2147483647;
			files = (
			);
			runOnlyForDeploymentPostprocessing = 0;
		};
		C54C4AAD112BD0DEE596CCFE /* Resources */ = {
			isa = PBXResourcesBuildPhase;
			buildActionMask = 2147483647;
			files = (
			);
			runOnlyForDeploymentPostprocessing = 0;
		};
		D92B6F092A9BBF9300A7CCBD /* Resources */ = {
			isa = PBXResourcesBuildPhase;
			buildActionMask = 2147483647;
			files = (
				D92B6F162A9BBF9400A7CCBD /* Preview Assets.xcassets in Resources */,
				D9766B842D494255008457B7 /* Secrets.plist in Resources */,
				D92B6F132A9BBF9400A7CCBD /* Assets.xcassets in Resources */,
			);
			runOnlyForDeploymentPostprocessing = 0;
		};
/* End PBXResourcesBuildPhase section */

/* Begin PBXSourcesBuildPhase section */
		61A2CD1A0C42AB0DD99F0566 /* Sources */ = {
			isa = PBXSourcesBuildPhase;
			buildActionMask = 2147483647;
			files = (
				184A35E3D33CB7E9A369FEAA /* CoverResolutionTests.swift in Sources */,
				057B4B48A70FC66518208648 /* RequestBuildingTests.swift in Sources */,
				3454A3F5C81389F73633F76B /* ResponseDecodingTests.swift in Sources */,
			);
			runOnlyForDeploymentPostprocessing = 0;
		};
		63A58F3897F331EC8FC7A7F2 /* Sources */ = {
			isa = PBXSourcesBuildPhase;
			buildActionMask = 2147483647;
			files = (
				B334FA5B82095B09DE5798EF /* ExportRenderTests.swift in Sources */,
				97274259631D13944C99B3B1 /* CoverArchiveTests.swift in Sources */,
			);
			runOnlyForDeploymentPostprocessing = 0;
		};
		D92B6F072A9BBF9300A7CCBD /* Sources */ = {
			isa = PBXSourcesBuildPhase;
			buildActionMask = 2147483647;
			files = (
				D91952862AFE858300FD246C /* SettingsView.swift in Sources */,
				D93AD4BC2AC23449001D2BA3 /* AlbumSearchView.swift in Sources */,
				D92B6F112A9BBF9300A7CCBD /* ContentView.swift in Sources */,
				D93B71DC2C934C63002F816C /* GridLayoutSheet.swift in Sources */,
				D9B8B40E2AB8BED300A4613A /* Networker.swift in Sources */,
				D9C8CCC02AEDC54400FF0997 /* SavedGridCardView.swift in Sources */,
				D9B519972BDD6CC800E703EF /* LoadingView.swift in Sources */,
				D9C578742B0EAF2600B94E1F /* GridContent.swift in Sources */,
				D9B8B40A2AB4FB2800A4613A /* Track.swift in Sources */,
				D9B8B4032AB3B41700A4613A /* TopArtistsNetwork.swift in Sources */,
				D9C578762B14E7F900B94E1F /* ButtonStyles.swift in Sources */,
				D91952A82B02C2DA00FD246C /* InternetImage.swift in Sources */,
				D99642542ABB50B6004CEA01 /* SearchResults.swift in Sources */,
				D9346C692ACB7AC200CA8F70 /* Album.swift in Sources */,
				D9B8B4082AB4FB0800A4613A /* Artist.swift in Sources */,
				D9C8CCC22AF582E500FF0997 /* SavedGridsListView.swift in Sources */,
				D92B6F0F2A9BBF9300A7CCBD /* TopsterApp.swift in Sources */,
				D9B8B4012AB3AE6600A4613A /* TopTracksNetwork.swift in Sources */,
				D9ADFFE52C98815A00CA2D0F /* fittingrows.swift in Sources */,
				D9B8B40C2AB4FCB800A4613A /* ArtistSearchView.swift in Sources */,
				D93B71DE2C93959B002F816C /* GridLayoutSelectOption.swift in Sources */,
				D92B6F432AA380F700A7CCBD /* FortyGridView.swift in Sources */,
				D91952882B002DFC00FD246C /* RenderView.swift in Sources */,
				D93AD4BE2AC64226001D2BA3 /* FortyScrollGridViewModel.swift in Sources */,
				EE952AB98F02DA48CBDCA5FB /* CoverArchive.swift in Sources */,
			);
			runOnlyForDeploymentPostprocessing = 0;
		};
/* End PBXSourcesBuildPhase section */

/* Begin PBXTargetDependency section */
		81787A7BA3CB30C823ABEADB /* PBXTargetDependency */ = {
			isa = PBXTargetDependency;
			name = Topster;
			target = D92B6F0A2A9BBF9300A7CCBD /* Topster */;
			targetProxy = 5A7DFE3912923738197C8DB2 /* PBXContainerItemProxy */;
		};
		8E1A283002A9D07D1DADDD4A /* PBXTargetDependency */ = {
			isa = PBXTargetDependency;
			name = Topster;
			target = D92B6F0A2A9BBF9300A7CCBD /* Topster */;
			targetProxy = 041989E6945FE59058780193 /* PBXContainerItemProxy */;
		};
/* End PBXTargetDependency section */

/* Begin XCBuildConfiguration section */
		0124B1E2033F155A4553BB17 /* Debug */ = {
			isa = XCBuildConfiguration;
			buildSettings = {
				BUNDLE_LOADER = "$(TEST_HOST)";
				CLANG_ENABLE_OBJC_WEAK = NO;
				CODE_SIGN_STYLE = Automatic;
				CURRENT_PROJECT_VERSION = 1;
				GENERATE_INFOPLIST_FILE = YES;
				IPHONEOS_DEPLOYMENT_TARGET = 17.4;
				MARKETING_VERSION = 1.0;
				PRODUCT_BUNDLE_IDENTIFIER = com.austinlavalley.TopsterTests;
				PRODUCT_NAME = "$(TARGET_NAME)";
				SDKROOT = iphoneos;
				SWIFT_VERSION = 5.0;
				TARGETED_DEVICE_FAMILY = "1,2";
				TEST_HOST = "$(BUILT_PRODUCTS_DIR)/Topster.app/$(BUNDLE_EXECUTABLE_FOLDER_PATH)/Topster";
			};
			name = Debug;
		};
		14CA9599F4862A8408A9AFD6 /* Release */ = {
			isa = XCBuildConfiguration;
			buildSettings = {
				CLANG_ENABLE_OBJC_WEAK = NO;
				CODE_SIGN_STYLE = Automatic;
				CURRENT_PROJECT_VERSION = 1;
				GENERATE_INFOPLIST_FILE = YES;
				IPHONEOS_DEPLOYMENT_TARGET = 17.4;
				MARKETING_VERSION = 1.0;
				PRODUCT_BUNDLE_IDENTIFIER = com.austinlavalley.TopsterUITests;
				PRODUCT_NAME = "$(TARGET_NAME)";
				SDKROOT = iphoneos;
				SWIFT_EMIT_LOC_STRINGS = NO;
				SWIFT_VERSION = 5.0;
				TARGETED_DEVICE_FAMILY = "1,2";
				TEST_TARGET_NAME = Topster;
				VALIDATE_PRODUCT = YES;
			};
			name = Release;
		};
		611A31DC0040A4FACCEFAE56 /* Release */ = {
			isa = XCBuildConfiguration;
			buildSettings = {
				BUNDLE_LOADER = "$(TEST_HOST)";
				CLANG_ENABLE_OBJC_WEAK = NO;
				CODE_SIGN_STYLE = Automatic;
				CURRENT_PROJECT_VERSION = 1;
				GENERATE_INFOPLIST_FILE = YES;
				IPHONEOS_DEPLOYMENT_TARGET = 17.4;
				MARKETING_VERSION = 1.0;
				PRODUCT_BUNDLE_IDENTIFIER = com.austinlavalley.TopsterTests;
				PRODUCT_NAME = "$(TARGET_NAME)";
				SDKROOT = iphoneos;
				SWIFT_VERSION = 5.0;
				TARGETED_DEVICE_FAMILY = "1,2";
				TEST_HOST = "$(BUILT_PRODUCTS_DIR)/Topster.app/$(BUNDLE_EXECUTABLE_FOLDER_PATH)/Topster";
				VALIDATE_PRODUCT = YES;
			};
			name = Release;
		};
		AB5BB2D5BE7FC0D41D678D02 /* Debug */ = {
			isa = XCBuildConfiguration;
			buildSettings = {
				CLANG_ENABLE_OBJC_WEAK = NO;
				CODE_SIGN_STYLE = Automatic;
				CURRENT_PROJECT_VERSION = 1;
				GENERATE_INFOPLIST_FILE = YES;
				IPHONEOS_DEPLOYMENT_TARGET = 17.4;
				MARKETING_VERSION = 1.0;
				PRODUCT_BUNDLE_IDENTIFIER = com.austinlavalley.TopsterUITests;
				PRODUCT_NAME = "$(TARGET_NAME)";
				SDKROOT = iphoneos;
				SWIFT_EMIT_LOC_STRINGS = NO;
				SWIFT_VERSION = 5.0;
				TARGETED_DEVICE_FAMILY = "1,2";
				TEST_TARGET_NAME = Topster;
			};
			name = Debug;
		};
		D92B6F172A9BBF9400A7CCBD /* Debug */ = {
			isa = XCBuildConfiguration;
			buildSettings = {
				ALWAYS_SEARCH_USER_PATHS = NO;
				ASSETCATALOG_COMPILER_GENERATE_SWIFT_ASSET_SYMBOL_EXTENSIONS = YES;
				CLANG_ANALYZER_NONNULL = YES;
				CLANG_ANALYZER_NUMBER_OBJECT_CONVERSION = YES_AGGRESSIVE;
				CLANG_CXX_LANGUAGE_STANDARD = "gnu++20";
				CLANG_ENABLE_MODULES = YES;
				CLANG_ENABLE_OBJC_ARC = YES;
				CLANG_ENABLE_OBJC_WEAK = YES;
				CLANG_WARN_BLOCK_CAPTURE_AUTORELEASING = YES;
				CLANG_WARN_BOOL_CONVERSION = YES;
				CLANG_WARN_COMMA = YES;
				CLANG_WARN_CONSTANT_CONVERSION = YES;
				CLANG_WARN_DEPRECATED_OBJC_IMPLEMENTATIONS = YES;
				CLANG_WARN_DIRECT_OBJC_ISA_USAGE = YES_ERROR;
				CLANG_WARN_DOCUMENTATION_COMMENTS = YES;
				CLANG_WARN_EMPTY_BODY = YES;
				CLANG_WARN_ENUM_CONVERSION = YES;
				CLANG_WARN_INFINITE_RECURSION = YES;
				CLANG_WARN_INT_CONVERSION = YES;
				CLANG_WARN_NON_LITERAL_NULL_CONVERSION = YES;
				CLANG_WARN_OBJC_IMPLICIT_RETAIN_SELF = YES;
				CLANG_WARN_OBJC_LITERAL_CONVERSION = YES;
				CLANG_WARN_OBJC_ROOT_CLASS = YES_ERROR;
				CLANG_WARN_QUOTED_INCLUDE_IN_FRAMEWORK_HEADER = YES;
				CLANG_WARN_RANGE_LOOP_ANALYSIS = YES;
				CLANG_WARN_STRICT_PROTOTYPES = YES;
				CLANG_WARN_SUSPICIOUS_MOVE = YES;
				CLANG_WARN_UNGUARDED_AVAILABILITY = YES_AGGRESSIVE;
				CLANG_WARN_UNREACHABLE_CODE = YES;
				CLANG_WARN__DUPLICATE_METHOD_MATCH = YES;
				COPY_PHASE_STRIP = NO;
				DEBUG_INFORMATION_FORMAT = dwarf;
				ENABLE_STRICT_OBJC_MSGSEND = YES;
				ENABLE_TESTABILITY = YES;
				ENABLE_USER_SCRIPT_SANDBOXING = YES;
				GCC_C_LANGUAGE_STANDARD = gnu11;
				GCC_DYNAMIC_NO_PIC = NO;
				GCC_NO_COMMON_BLOCKS = YES;
				GCC_OPTIMIZATION_LEVEL = 0;
				GCC_PREPROCESSOR_DEFINITIONS = (
					"DEBUG=1",
					"$(inherited)",
				);
				GCC_WARN_64_TO_32_BIT_CONVERSION = YES;
				GCC_WARN_ABOUT_RETURN_TYPE = YES_ERROR;
				GCC_WARN_UNDECLARED_SELECTOR = YES;
				GCC_WARN_UNINITIALIZED_AUTOS = YES_AGGRESSIVE;
				GCC_WARN_UNUSED_FUNCTION = YES;
				GCC_WARN_UNUSED_VARIABLE = YES;
				IPHONEOS_DEPLOYMENT_TARGET = 16.4;
				MTL_ENABLE_DEBUG_INFO = INCLUDE_SOURCE;
				MTL_FAST_MATH = YES;
				ONLY_ACTIVE_ARCH = YES;
				SDKROOT = iphoneos;
				SWIFT_ACTIVE_COMPILATION_CONDITIONS = DEBUG;
				SWIFT_OPTIMIZATION_LEVEL = "-Onone";
			};
			name = Debug;
		};
		D92B6F182A9BBF9400A7CCBD /* Release */ = {
			isa = XCBuildConfiguration;
			buildSettings = {
				ALWAYS_SEARCH_USER_PATHS = NO;
				ASSETCATALOG_COMPILER_GENERATE_SWIFT_ASSET_SYMBOL_EXTENSIONS = YES;
				CLANG_ANALYZER_NONNULL = YES;
				CLANG_ANALYZER_NUMBER_OBJECT_CONVERSION = YES_AGGRESSIVE;
				CLANG_CXX_LANGUAGE_STANDARD = "gnu++20";
				CLANG_ENABLE_MODULES = YES;
				CLANG_ENABLE_OBJC_ARC = YES;
				CLANG_ENABLE_OBJC_WEAK = YES;
				CLANG_WARN_BLOCK_CAPTURE_AUTORELEASING = YES;
				CLANG_WARN_BOOL_CONVERSION = YES;
				CLANG_WARN_COMMA = YES;
				CLANG_WARN_CONSTANT_CONVERSION = YES;
				CLANG_WARN_DEPRECATED_OBJC_IMPLEMENTATIONS = YES;
				CLANG_WARN_DIRECT_OBJC_ISA_USAGE = YES_ERROR;
				CLANG_WARN_DOCUMENTATION_COMMENTS = YES;
				CLANG_WARN_EMPTY_BODY = YES;
				CLANG_WARN_ENUM_CONVERSION = YES;
				CLANG_WARN_INFINITE_RECURSION = YES;
				CLANG_WARN_INT_CONVERSION = YES;
				CLANG_WARN_NON_LITERAL_NULL_CONVERSION = YES;
				CLANG_WARN_OBJC_IMPLICIT_RETAIN_SELF = YES;
				CLANG_WARN_OBJC_LITERAL_CONVERSION = YES;
				CLANG_WARN_OBJC_ROOT_CLASS = YES_ERROR;
				CLANG_WARN_QUOTED_INCLUDE_IN_FRAMEWORK_HEADER = YES;
				CLANG_WARN_RANGE_LOOP_ANALYSIS = YES;
				CLANG_WARN_STRICT_PROTOTYPES = YES;
				CLANG_WARN_SUSPICIOUS_MOVE = YES;
				CLANG_WARN_UNGUARDED_AVAILABILITY = YES_AGGRESSIVE;
				CLANG_WARN_UNREACHABLE_CODE = YES;
				CLANG_WARN__DUPLICATE_METHOD_MATCH = YES;
				COPY_PHASE_STRIP = NO;
				DEBUG_INFORMATION_FORMAT = "dwarf-with-dsym";
				ENABLE_NS_ASSERTIONS = NO;
				ENABLE_STRICT_OBJC_MSGSEND = YES;
				ENABLE_USER_SCRIPT_SANDBOXING = YES;
				GCC_C_LANGUAGE_STANDARD = gnu11;
				GCC_NO_COMMON_BLOCKS = YES;
				GCC_WARN_64_TO_32_BIT_CONVERSION = YES;
				GCC_WARN_ABOUT_RETURN_TYPE = YES_ERROR;
				GCC_WARN_UNDECLARED_SELECTOR = YES;
				GCC_WARN_UNINITIALIZED_AUTOS = YES_AGGRESSIVE;
				GCC_WARN_UNUSED_FUNCTION = YES;
				GCC_WARN_UNUSED_VARIABLE = YES;
				IPHONEOS_DEPLOYMENT_TARGET = 16.4;
				MTL_ENABLE_DEBUG_INFO = NO;
				MTL_FAST_MATH = YES;
				SDKROOT = iphoneos;
				SWIFT_COMPILATION_MODE = wholemodule;
				SWIFT_OPTIMIZATION_LEVEL = "-O";
				VALIDATE_PRODUCT = YES;
			};
			name = Release;
		};
		D92B6F1A2A9BBF9400A7CCBD /* Debug */ = {
			isa = XCBuildConfiguration;
			buildSettings = {
				ASSETCATALOG_COMPILER_APPICON_NAME = AppIcon;
				ASSETCATALOG_COMPILER_GLOBAL_ACCENT_COLOR_NAME = AccentColor;
				CODE_SIGN_STYLE = Automatic;
				CURRENT_PROJECT_VERSION = 1;
				DEVELOPMENT_ASSET_PATHS = "\"Topster/Preview Content\"";
				DEVELOPMENT_TEAM = PDF936JKA3;
				ENABLE_PREVIEWS = YES;
				GENERATE_INFOPLIST_FILE = YES;
				INFOPLIST_FILE = Topster/Info.plist;
				INFOPLIST_KEY_LSApplicationCategoryType = "public.app-category.music";
				INFOPLIST_KEY_NSPhotoLibraryAddUsageDescription = "";
				INFOPLIST_KEY_UIApplicationSceneManifest_Generation = YES;
				INFOPLIST_KEY_UIApplicationSupportsIndirectInputEvents = YES;
				INFOPLIST_KEY_UILaunchScreen_Generation = YES;
				INFOPLIST_KEY_UISupportedInterfaceOrientations = UIInterfaceOrientationPortrait;
				IPHONEOS_DEPLOYMENT_TARGET = 17.4;
				LD_RUNPATH_SEARCH_PATHS = (
					"$(inherited)",
					"@executable_path/Frameworks",
				);
				MARKETING_VERSION = 1.4.2;
				PRODUCT_BUNDLE_IDENTIFIER = com.austinlavalley.Topster;
				PRODUCT_NAME = "$(TARGET_NAME)";
				SUPPORTED_PLATFORMS = "iphoneos iphonesimulator";
				SUPPORTS_MACCATALYST = NO;
				SUPPORTS_MAC_DESIGNED_FOR_IPHONE_IPAD = NO;
				SWIFT_EMIT_LOC_STRINGS = YES;
				SWIFT_VERSION = 5.0;
				TARGETED_DEVICE_FAMILY = 1;
			};
			name = Debug;
		};
		D92B6F1B2A9BBF9400A7CCBD /* Release */ = {
			isa = XCBuildConfiguration;
			buildSettings = {
				ASSETCATALOG_COMPILER_APPICON_NAME = AppIcon;
				ASSETCATALOG_COMPILER_GLOBAL_ACCENT_COLOR_NAME = AccentColor;
				CODE_SIGN_STYLE = Automatic;
				CURRENT_PROJECT_VERSION = 1;
				DEVELOPMENT_ASSET_PATHS = "\"Topster/Preview Content\"";
				DEVELOPMENT_TEAM = PDF936JKA3;
				ENABLE_PREVIEWS = YES;
				GENERATE_INFOPLIST_FILE = YES;
				INFOPLIST_FILE = Topster/Info.plist;
				INFOPLIST_KEY_LSApplicationCategoryType = "public.app-category.music";
				INFOPLIST_KEY_NSPhotoLibraryAddUsageDescription = "";
				INFOPLIST_KEY_UIApplicationSceneManifest_Generation = YES;
				INFOPLIST_KEY_UIApplicationSupportsIndirectInputEvents = YES;
				INFOPLIST_KEY_UILaunchScreen_Generation = YES;
				INFOPLIST_KEY_UISupportedInterfaceOrientations = UIInterfaceOrientationPortrait;
				IPHONEOS_DEPLOYMENT_TARGET = 17.4;
				LD_RUNPATH_SEARCH_PATHS = (
					"$(inherited)",
					"@executable_path/Frameworks",
				);
				MARKETING_VERSION = 1.4.2;
				PRODUCT_BUNDLE_IDENTIFIER = com.austinlavalley.Topster;
				PRODUCT_NAME = "$(TARGET_NAME)";
				SUPPORTED_PLATFORMS = "iphoneos iphonesimulator";
				SUPPORTS_MACCATALYST = NO;
				SUPPORTS_MAC_DESIGNED_FOR_IPHONE_IPAD = NO;
				SWIFT_EMIT_LOC_STRINGS = YES;
				SWIFT_VERSION = 5.0;
				TARGETED_DEVICE_FAMILY = 1;
			};
			name = Release;
		};
/* End XCBuildConfiguration section */

/* Begin XCConfigurationList section */
		18D2A37842CC58D5AD322C24 /* Build configuration list for PBXNativeTarget "TopsterUITests" */ = {
			isa = XCConfigurationList;
			buildConfigurations = (
				14CA9599F4862A8408A9AFD6 /* Release */,
				AB5BB2D5BE7FC0D41D678D02 /* Debug */,
			);
			defaultConfigurationIsVisible = 0;
			defaultConfigurationName = Release;
		};
		A887DAD4C57E0DA7AAA97432 /* Build configuration list for PBXNativeTarget "TopsterTests" */ = {
			isa = XCConfigurationList;
			buildConfigurations = (
				611A31DC0040A4FACCEFAE56 /* Release */,
				0124B1E2033F155A4553BB17 /* Debug */,
			);
			defaultConfigurationIsVisible = 0;
			defaultConfigurationName = Release;
		};
		D92B6F062A9BBF9300A7CCBD /* Build configuration list for PBXProject "Topster" */ = {
			isa = XCConfigurationList;
			buildConfigurations = (
				D92B6F172A9BBF9400A7CCBD /* Debug */,
				D92B6F182A9BBF9400A7CCBD /* Release */,
			);
			defaultConfigurationIsVisible = 0;
			defaultConfigurationName = Release;
		};
		D92B6F192A9BBF9400A7CCBD /* Build configuration list for PBXNativeTarget "Topster" */ = {
			isa = XCConfigurationList;
			buildConfigurations = (
				D92B6F1A2A9BBF9400A7CCBD /* Debug */,
				D92B6F1B2A9BBF9400A7CCBD /* Release */,
			);
			defaultConfigurationIsVisible = 0;
			defaultConfigurationName = Release;
		};
/* End XCConfigurationList section */
	};
	rootObject = D92B6F032A9BBF9300A7CCBD /* Project object */;
}
